// !$*UTF8*$!
{
	archiveVersion = 1;
	classes = {
	};
	objectVersion = 56;
	objects = {

/* Begin PBXBuildFile section */
		19A097EB56DB7B2D10AC03CF /* Pods_WeddingBells.framework in Frameworks */ = {isa = PBXBuildFile; fileRef = E97A125CEAB392802469DED4 /* Pods_WeddingBells.framework */; };
		EC12D60329DC4A6000FEF5EB /* MessageTBVCell.swift in Sources */ = {isa = PBXBuildFile; fileRef = EC12D60129DC4A6000FEF5EB /* MessageTBVCell.swift */; };
		EC12D60429DC4A6000FEF5EB /* MessageTBVCell.xib in Resources */ = {isa = PBXBuildFile; fileRef = EC12D60229DC4A6000FEF5EB /* MessageTBVCell.xib */; };
		EC12D62229DC549100FEF5EB /* UserChatVC.swift in Sources */ = {isa = PBXBuildFile; fileRef = EC12D62029DC549100FEF5EB /* UserChatVC.swift */; };
		EC12D62329DC549100FEF5EB /* UserChatVC.xib in Resources */ = {isa = PBXBuildFile; fileRef = EC12D62129DC549100FEF5EB /* UserChatVC.xib */; };
		EC12D62729DC550F00FEF5EB /* ReciverMessageTBVCell.swift in Sources */ = {isa = PBXBuildFile; fileRef = EC12D62529DC550F00FEF5EB /* ReciverMessageTBVCell.swift */; };
		EC12D62829DC550F00FEF5EB /* ReciverMessageTBVCell.xib in Resources */ = {isa = PBXBuildFile; fileRef = EC12D62629DC550F00FEF5EB /* ReciverMessageTBVCell.xib */; };
		EC12D62C29DC569D00FEF5EB /* SenderMessageTBVCell.swift in Sources */ = {isa = PBXBuildFile; fileRef = EC12D62A29DC569D00FEF5EB /* SenderMessageTBVCell.swift */; };
		EC12D62D29DC569D00FEF5EB /* SenderMessageTBVCell.xib in Resources */ = {isa = PBXBuildFile; fileRef = EC12D62B29DC569D00FEF5EB /* SenderMessageTBVCell.xib */; };
		EC3AEA9F29DBE8A200C38C32 /* SelectLanguageCell.xib in Resources */ = {isa = PBXBuildFile; fileRef = EC3AEA9D29DBE8A200C38C32 /* SelectLanguageCell.xib */; };
		EC3AEAA029DBE8A200C38C32 /* SelectLanguageCell.swift in Sources */ = {isa = PBXBuildFile; fileRef = EC3AEA9E29DBE8A200C38C32 /* SelectLanguageCell.swift */; };
		EC47F23629D6D253006AB45B /* Localizable.strings in Resources */ = {isa = PBXBuildFile; fileRef = EC47F23829D6D253006AB45B /* Localizable.strings */; };
		EC62A28229D70737006048CE /* FamousCVCell.swift in Sources */ = {isa = PBXBuildFile; fileRef = EC62A28029D70737006048CE /* FamousCVCell.swift */; };
		EC62A28329D70737006048CE /* FamousCVCell.xib in Resources */ = {isa = PBXBuildFile; fileRef = EC62A28129D70737006048CE /* FamousCVCell.xib */; };
		EC62A28729D70E24006048CE /* WeddingTBVCell.swift in Sources */ = {isa = PBXBuildFile; fileRef = EC62A28529D70E24006048CE /* WeddingTBVCell.swift */; };
		EC62A28829D70E24006048CE /* WeddingTBVCell.xib in Resources */ = {isa = PBXBuildFile; fileRef = EC62A28629D70E24006048CE /* WeddingTBVCell.xib */; };
		EC786EF429D6B0E3005F5FD4 /* AppDelegate.swift in Sources */ = {isa = PBXBuildFile; fileRef = EC786EF329D6B0E3005F5FD4 /* AppDelegate.swift */; };
		EC786EF629D6B0E3005F5FD4 /* SceneDelegate.swift in Sources */ = {isa = PBXBuildFile; fileRef = EC786EF529D6B0E3005F5FD4 /* SceneDelegate.swift */; };
		EC786EF829D6B0E3005F5FD4 /* ViewController.swift in Sources */ = {isa = PBXBuildFile; fileRef = EC786EF729D6B0E3005F5FD4 /* ViewController.swift */; };
		EC786EFB29D6B0E3005F5FD4 /* Main.storyboard in Resources */ = {isa = PBXBuildFile; fileRef = EC786EF929D6B0E3005F5FD4 /* Main.storyboard */; };
		EC786EFD29D6B0E5005F5FD4 /* Assets.xcassets in Resources */ = {isa = PBXBuildFile; fileRef = EC786EFC29D6B0E5005F5FD4 /* Assets.xcassets */; };
		EC786F0029D6B0E5005F5FD4 /* LaunchScreen.storyboard in Resources */ = {isa = PBXBuildFile; fileRef = EC786EFE29D6B0E5005F5FD4 /* LaunchScreen.storyboard */; };
		EC786F0A29D6B8BE005F5FD4 /* IntroVC.swift in Sources */ = {isa = PBXBuildFile; fileRef = EC786F0829D6B8BE005F5FD4 /* IntroVC.swift */; };
		EC786F0B29D6B8BE005F5FD4 /* IntroVC.xib in Resources */ = {isa = PBXBuildFile; fileRef = EC786F0929D6B8BE005F5FD4 /* IntroVC.xib */; };
		EC786F3529D6BB11005F5FD4 /* CommonTbvFooterView.xib in Resources */ = {isa = PBXBuildFile; fileRef = EC786F0E29D6BB11005F5FD4 /* CommonTbvFooterView.xib */; };
		EC786F3629D6BB11005F5FD4 /* CommonTbvFooterView.swift in Sources */ = {isa = PBXBuildFile; fileRef = EC786F0F29D6BB11005F5FD4 /* CommonTbvFooterView.swift */; };
		EC786F3729D6BB11005F5FD4 /* TabBarVC.swift in Sources */ = {isa = PBXBuildFile; fileRef = EC786F1129D6BB11005F5FD4 /* TabBarVC.swift */; };
		EC786F3829D6BB11005F5FD4 /* CustomTabCell.swift in Sources */ = {isa = PBXBuildFile; fileRef = EC786F1329D6BB11005F5FD4 /* CustomTabCell.swift */; };
		EC786F3929D6BB11005F5FD4 /* CustomTabCell.xib in Resources */ = {isa = PBXBuildFile; fileRef = EC786F1429D6BB11005F5FD4 /* CustomTabCell.xib */; };
		EC786F3A29D6BB11005F5FD4 /* TabBarVC.xib in Resources */ = {isa = PBXBuildFile; fileRef = EC786F1529D6BB11005F5FD4 /* TabBarVC.xib */; };
		EC786F3B29D6BB11005F5FD4 /* CommonTbvHeaderView.swift in Sources */ = {isa = PBXBuildFile; fileRef = EC786F1729D6BB11005F5FD4 /* CommonTbvHeaderView.swift */; };
		EC786F3C29D6BB11005F5FD4 /* CommonTbvHeaderView.xib in Resources */ = {isa = PBXBuildFile; fileRef = EC786F1829D6BB11005F5FD4 /* CommonTbvHeaderView.xib */; };
		EC786F3D29D6BB11005F5FD4 /* NavigationBar.swift in Sources */ = {isa = PBXBuildFile; fileRef = EC786F1A29D6BB11005F5FD4 /* NavigationBar.swift */; };
		EC786F3E29D6BB11005F5FD4 /* NavigationBar.xib in Resources */ = {isa = PBXBuildFile; fileRef = EC786F1B29D6BB11005F5FD4 /* NavigationBar.xib */; };
		EC786F3F29D6BB11005F5FD4 /* TabNavigationBar.swift in Sources */ = {isa = PBXBuildFile; fileRef = EC786F1C29D6BB11005F5FD4 /* TabNavigationBar.swift */; };
		EC786F4029D6BB11005F5FD4 /* TabNavigationBar.xib in Resources */ = {isa = PBXBuildFile; fileRef = EC786F1D29D6BB11005F5FD4 /* TabNavigationBar.xib */; };
		EC786F4129D6BB11005F5FD4 /* CommonCVHeaderView.swift in Sources */ = {isa = PBXBuildFile; fileRef = EC786F1F29D6BB11005F5FD4 /* CommonCVHeaderView.swift */; };
		EC786F4229D6BB11005F5FD4 /* CommonCVHeaderView.xib in Resources */ = {isa = PBXBuildFile; fileRef = EC786F2029D6BB11005F5FD4 /* CommonCVHeaderView.xib */; };
		EC786F4329D6BB11005F5FD4 /* CommonCVFooterView.xib in Resources */ = {isa = PBXBuildFile; fileRef = EC786F2229D6BB11005F5FD4 /* CommonCVFooterView.xib */; };
		EC786F4429D6BB11005F5FD4 /* CommonCVFooterView.swift in Sources */ = {isa = PBXBuildFile; fileRef = EC786F2329D6BB11005F5FD4 /* CommonCVFooterView.swift */; };
		EC786F4529D6BB11005F5FD4 /* HeaderTitleOfTableview.xib in Resources */ = {isa = PBXBuildFile; fileRef = EC786F2529D6BB11005F5FD4 /* HeaderTitleOfTableview.xib */; };
		EC786F4629D6BB11005F5FD4 /* HeaderTitleOfTableview.swift in Sources */ = {isa = PBXBuildFile; fileRef = EC786F2629D6BB11005F5FD4 /* HeaderTitleOfTableview.swift */; };
		EC786F4729D6BB11005F5FD4 /* CollectionView+Extension.swift in Sources */ = {isa = PBXBuildFile; fileRef = EC786F2929D6BB11005F5FD4 /* CollectionView+Extension.swift */; };
		EC786F4829D6BB11005F5FD4 /* Model.swift in Sources */ = {isa = PBXBuildFile; fileRef = EC786F2A29D6BB11005F5FD4 /* Model.swift */; };
		EC786F4929D6BB11005F5FD4 /* Localize.swift in Sources */ = {isa = PBXBuildFile; fileRef = EC786F2B29D6BB11005F5FD4 /* Localize.swift */; };
		EC786F4A29D6BB11005F5FD4 /* BasicStuff.swift in Sources */ = {isa = PBXBuildFile; fileRef = EC786F2C29D6BB11005F5FD4 /* BasicStuff.swift */; };
		EC786F4B29D6BB11005F5FD4 /* UITableView+Extension.swift in Sources */ = {isa = PBXBuildFile; fileRef = EC786F2D29D6BB11005F5FD4 /* UITableView+Extension.swift */; };
		EC786F5529D6BD47005F5FD4 /* Philosopher-BoldItalic.ttf in Resources */ = {isa = PBXBuildFile; fileRef = EC786F5429D6BD47005F5FD4 /* Philosopher-BoldItalic.ttf */; };
		EC786F5B29D6BD71005F5FD4 /* Montserrat-SemiBold.ttf in Resources */ = {isa = PBXBuildFile; fileRef = EC786F5629D6BD71005F5FD4 /* Montserrat-SemiBold.ttf */; };
		EC786F5C29D6BD71005F5FD4 /* Montserrat-Regular.ttf in Resources */ = {isa = PBXBuildFile; fileRef = EC786F5729D6BD71005F5FD4 /* Montserrat-Regular.ttf */; };
		EC786F5D29D6BD71005F5FD4 /* Montserrat-Medium.ttf in Resources */ = {isa = PBXBuildFile; fileRef = EC786F5829D6BD71005F5FD4 /* Montserrat-Medium.ttf */; };
		EC786F5E29D6BD71005F5FD4 /* Montserrat-ExtraBold.ttf in Resources */ = {isa = PBXBuildFile; fileRef = EC786F5929D6BD71005F5FD4 /* Montserrat-ExtraBold.ttf */; };
		EC786F5F29D6BD71005F5FD4 /* Montserrat-Bold.ttf in Resources */ = {isa = PBXBuildFile; fileRef = EC786F5A29D6BD71005F5FD4 /* Montserrat-Bold.ttf */; };
		EC786F6129D6C230005F5FD4 /* NunitoSans-Bold.ttf in Resources */ = {isa = PBXBuildFile; fileRef = EC786F6029D6C230005F5FD4 /* NunitoSans-Bold.ttf */; };
		EC7E10EF29D7EC7700DEC3A8 /* Data.swift in Sources */ = {isa = PBXBuildFile; fileRef = EC7E10EE29D7EC7700DEC3A8 /* Data.swift */; };
		EC8CE28B29DBEB3500EF4632 /* SelectCityVC.swift in Sources */ = {isa = PBXBuildFile; fileRef = EC8CE28929DBEB3500EF4632 /* SelectCityVC.swift */; };
		EC8CE28C29DBEB3500EF4632 /* SelectCityVC.xib in Resources */ = {isa = PBXBuildFile; fileRef = EC8CE28A29DBEB3500EF4632 /* SelectCityVC.xib */; };
		EC8CE29029DBEF9100EF4632 /* AlbumsVC.swift in Sources */ = {isa = PBXBuildFile; fileRef = EC8CE28E29DBEF9100EF4632 /* AlbumsVC.swift */; };
		EC8CE29129DBEF9100EF4632 /* AlbumsVC.xib in Resources */ = {isa = PBXBuildFile; fileRef = EC8CE28F29DBEF9100EF4632 /* AlbumsVC.xib */; };
		EC8CE29529DBF10C00EF4632 /* DiningAreaVC.swift in Sources */ = {isa = PBXBuildFile; fileRef = EC8CE29329DBF10C00EF4632 /* DiningAreaVC.swift */; };
		EC8CE29629DBF10C00EF4632 /* DiningAreaVC.xib in Resources */ = {isa = PBXBuildFile; fileRef = EC8CE29429DBF10C00EF4632 /* DiningAreaVC.xib */; };
		EC8CE29A29DBF1BF00EF4632 /* DiningCVCell.swift in Sources */ = {isa = PBXBuildFile; fileRef = EC8CE29829DBF1BF00EF4632 /* DiningCVCell.swift */; };
		EC8CE29B29DBF1BF00EF4632 /* DiningCVCell.xib in Resources */ = {isa = PBXBuildFile; fileRef = EC8CE29929DBF1BF00EF4632 /* DiningCVCell.xib */; };
		EC8CE29F29DBF8A100EF4632 /* CheckavailabiltyVC.swift in Sources */ = {isa = PBXBuildFile; fileRef = EC8CE29D29DBF8A100EF4632 /* CheckavailabiltyVC.swift */; };
		EC8CE2A029DBF8A100EF4632 /* CheckavailabiltyVC.xib in Resources */ = {isa = PBXBuildFile; fileRef = EC8CE29E29DBF8A100EF4632 /* CheckavailabiltyVC.xib */; };
		EC8CE2A429DC067D00EF4632 /* FunctionTypeVC.swift in Sources */ = {isa = PBXBuildFile; fileRef = EC8CE2A229DC067D00EF4632 /* FunctionTypeVC.swift */; };
		EC8CE2A529DC067D00EF4632 /* FunctionTypeVC.xib in Resources */ = {isa = PBXBuildFile; fileRef = EC8CE2A329DC067D00EF4632 /* FunctionTypeVC.xib */; };
		ECC6D0CF29D6DD84002CE30B /* OtpVerificationVC.swift in Sources */ = {isa = PBXBuildFile; fileRef = ECC6D0C229D6DD83002CE30B /* OtpVerificationVC.swift */; };
		ECC6D0D029D6DD84002CE30B /* OtpVerificationVC.xib in Resources */ = {isa = PBXBuildFile; fileRef = ECC6D0C329D6DD83002CE30B /* OtpVerificationVC.xib */; };
		ECC6D0D529D6DD84002CE30B /* LoginVC.swift in Sources */ = {isa = PBXBuildFile; fileRef = ECC6D0CB29D6DD83002CE30B /* LoginVC.swift */; };
		ECC6D0D629D6DD84002CE30B /* LoginVC.xib in Resources */ = {isa = PBXBuildFile; fileRef = ECC6D0CC29D6DD83002CE30B /* LoginVC.xib */; };
		ECC6D0DF29D6E200002CE30B /* RegisterVC.swift in Sources */ = {isa = PBXBuildFile; fileRef = ECC6D0DD29D6E200002CE30B /* RegisterVC.swift */; };
		ECC6D0E029D6E200002CE30B /* RegisterVC.xib in Resources */ = {isa = PBXBuildFile; fileRef = ECC6D0DE29D6E200002CE30B /* RegisterVC.xib */; };
		ECC6D1FB29D6E8B5002CE30B /* HomeVC.swift in Sources */ = {isa = PBXBuildFile; fileRef = ECC6D1F929D6E8B5002CE30B /* HomeVC.swift */; };
		ECC6D1FC29D6E8B5002CE30B /* HomeVC.xib in Resources */ = {isa = PBXBuildFile; fileRef = ECC6D1FA29D6E8B5002CE30B /* HomeVC.xib */; };
		ECC6D20029D6E8D9002CE30B /* VendorsVC.swift in Sources */ = {isa = PBXBuildFile; fileRef = ECC6D1FE29D6E8D9002CE30B /* VendorsVC.swift */; };
		ECC6D20129D6E8D9002CE30B /* VendorsVC.xib in Resources */ = {isa = PBXBuildFile; fileRef = ECC6D1FF29D6E8D9002CE30B /* VendorsVC.xib */; };
		ECC6D20529D6E8F1002CE30B /* TaskVC.swift in Sources */ = {isa = PBXBuildFile; fileRef = ECC6D20329D6E8F1002CE30B /* TaskVC.swift */; };
		ECC6D20629D6E8F1002CE30B /* TaskVC.xib in Resources */ = {isa = PBXBuildFile; fileRef = ECC6D20429D6E8F1002CE30B /* TaskVC.xib */; };
		ECC6D20A29D6E90F002CE30B /* MessageVC.swift in Sources */ = {isa = PBXBuildFile; fileRef = ECC6D20829D6E90F002CE30B /* MessageVC.swift */; };
		ECC6D20B29D6E90F002CE30B /* MessageVC.xib in Resources */ = {isa = PBXBuildFile; fileRef = ECC6D20929D6E90F002CE30B /* MessageVC.xib */; };
		ECC6D20E29D6E92E002CE30B /* ProfileVC.swift in Sources */ = {isa = PBXBuildFile; fileRef = ECC6D20C29D6E92E002CE30B /* ProfileVC.swift */; };
		ECC6D20F29D6E92E002CE30B /* ProfileVC.xib in Resources */ = {isa = PBXBuildFile; fileRef = ECC6D20D29D6E92E002CE30B /* ProfileVC.xib */; };
		ECC6D21429D6F86B002CE30B /* HomeFirstTBVCell.swift in Sources */ = {isa = PBXBuildFile; fileRef = ECC6D21229D6F86B002CE30B /* HomeFirstTBVCell.swift */; };
		ECC6D21529D6F86B002CE30B /* HomeFirstTBVCell.xib in Resources */ = {isa = PBXBuildFile; fileRef = ECC6D21329D6F86B002CE30B /* HomeFirstTBVCell.xib */; };
		ECC6D21B29D6FF64002CE30B /* TableviewDatasource.swift in Sources */ = {isa = PBXBuildFile; fileRef = ECC6D21A29D6FF64002CE30B /* TableviewDatasource.swift */; };
		ECC6D21F29D7019D002CE30B /* CategoriesTBVCell.swift in Sources */ = {isa = PBXBuildFile; fileRef = ECC6D21D29D7019D002CE30B /* CategoriesTBVCell.swift */; };
		ECC6D22029D7019D002CE30B /* CategoriesTBVCell.xib in Resources */ = {isa = PBXBuildFile; fileRef = ECC6D21E29D7019D002CE30B /* CategoriesTBVCell.xib */; };
		ECC6D22329D701D4002CE30B /* FamousTBVCell.swift in Sources */ = {isa = PBXBuildFile; fileRef = ECC6D22129D701D4002CE30B /* FamousTBVCell.swift */; };
		ECC6D22429D701D4002CE30B /* FamousTBVCell.xib in Resources */ = {isa = PBXBuildFile; fileRef = ECC6D22229D701D4002CE30B /* FamousTBVCell.xib */; };
		ECC6D22929D70228002CE30B /* TrendingDecorTBVCell.swift in Sources */ = {isa = PBXBuildFile; fileRef = ECC6D22729D70228002CE30B /* TrendingDecorTBVCell.swift */; };
		ECC6D22A29D70228002CE30B /* TrendingDecorTBVCell.xib in Resources */ = {isa = PBXBuildFile; fileRef = ECC6D22829D70228002CE30B /* TrendingDecorTBVCell.xib */; };
		ECC6D22E29D70383002CE30B /* CollectionViewDatasource.swift in Sources */ = {isa = PBXBuildFile; fileRef = ECC6D22D29D70383002CE30B /* CollectionViewDatasource.swift */; };
		ECC6D23129D703D8002CE30B /* CategoriesCVCell.swift in Sources */ = {isa = PBXBuildFile; fileRef = ECC6D22F29D703D8002CE30B /* CategoriesCVCell.swift */; };
		ECC6D23229D703D8002CE30B /* CategoriesCVCell.xib in Resources */ = {isa = PBXBuildFile; fileRef = ECC6D23029D703D8002CE30B /* CategoriesCVCell.xib */; };
		ECD349B829DC40DB0000C1A2 /* VenueVC.swift in Sources */ = {isa = PBXBuildFile; fileRef = ECD349B629DC40DB0000C1A2 /* VenueVC.swift */; };
		ECD349B929DC40DB0000C1A2 /* VenueVC.xib in Resources */ = {isa = PBXBuildFile; fileRef = ECD349B729DC40DB0000C1A2 /* VenueVC.xib */; };
		ECD349BD29DC424D0000C1A2 /* VenueTBVCell.swift in Sources */ = {isa = PBXBuildFile; fileRef = ECD349BB29DC424D0000C1A2 /* VenueTBVCell.swift */; };
		ECD349BE29DC424D0000C1A2 /* VenueTBVCell.xib in Resources */ = {isa = PBXBuildFile; fileRef = ECD349BC29DC424D0000C1A2 /* VenueTBVCell.xib */; };
		ECDF897129DC16C0008B6297 /* BookNowVC.swift in Sources */ = {isa = PBXBuildFile; fileRef = ECDF896F29DC16C0008B6297 /* BookNowVC.swift */; };
		ECDF897229DC16C0008B6297 /* BookNowVC.xib in Resources */ = {isa = PBXBuildFile; fileRef = ECDF897029DC16C0008B6297 /* BookNowVC.xib */; };
		ECE5672529DC20CA0051A0B6 /* AddNewVC.xib in Resources */ = {isa = PBXBuildFile; fileRef = ECE5672329DC20CA0051A0B6 /* AddNewVC.xib */; };
		ECE5672629DC20CA0051A0B6 /* AddNewVC.swift in Sources */ = {isa = PBXBuildFile; fileRef = ECE5672429DC20CA0051A0B6 /* AddNewVC.swift */; };
		ECE5672A29DC24040051A0B6 /* SucessVC.swift in Sources */ = {isa = PBXBuildFile; fileRef = ECE5672829DC24040051A0B6 /* SucessVC.swift */; };
		ECE5672B29DC24040051A0B6 /* SucessVC.xib in Resources */ = {isa = PBXBuildFile; fileRef = ECE5672929DC24040051A0B6 /* SucessVC.xib */; };
		ECE5673229DC25940051A0B6 /* NotificationCell.xib in Resources */ = {isa = PBXBuildFile; fileRef = ECE5672E29DC25940051A0B6 /* NotificationCell.xib */; };
		ECE5673329DC25940051A0B6 /* NotificationCell.swift in Sources */ = {isa = PBXBuildFile; fileRef = ECE5672F29DC25940051A0B6 /* NotificationCell.swift */; };
		ECE5673429DC25940051A0B6 /* NotifiactionVC.xib in Resources */ = {isa = PBXBuildFile; fileRef = ECE5673029DC25940051A0B6 /* NotifiactionVC.xib */; };
		ECE5673529DC25940051A0B6 /* NotifiactionVC.swift in Sources */ = {isa = PBXBuildFile; fileRef = ECE5673129DC25940051A0B6 /* NotifiactionVC.swift */; };
		ECE5674229DC2B2C0051A0B6 /* SerchBookVC.swift in Sources */ = {isa = PBXBuildFile; fileRef = ECE5673729DC2B2C0051A0B6 /* SerchBookVC.swift */; };
		ECE5674329DC2B2C0051A0B6 /* SerchBookVC.xib in Resources */ = {isa = PBXBuildFile; fileRef = ECE5673829DC2B2C0051A0B6 /* SerchBookVC.xib */; };
		ECE5674629DC2B2C0051A0B6 /* RecentSerchCell.xib in Resources */ = {isa = PBXBuildFile; fileRef = ECE5673D29DC2B2C0051A0B6 /* RecentSerchCell.xib */; };
		ECE5674729DC2B2C0051A0B6 /* RecentSerchCell.swift in Sources */ = {isa = PBXBuildFile; fileRef = ECE5673E29DC2B2C0051A0B6 /* RecentSerchCell.swift */; };
		ECE5674D29DC2EE70051A0B6 /* CustomerReviewVC.swift in Sources */ = {isa = PBXBuildFile; fileRef = ECE5674B29DC2EE70051A0B6 /* CustomerReviewVC.swift */; };
		ECE5674E29DC2EE70051A0B6 /* CustomerReviewVC.xib in Resources */ = {isa = PBXBuildFile; fileRef = ECE5674C29DC2EE70051A0B6 /* CustomerReviewVC.xib */; };
		ECE5675229DC3B680051A0B6 /* VendoreTBVCell.swift in Sources */ = {isa = PBXBuildFile; fileRef = ECE5675029DC3B680051A0B6 /* VendoreTBVCell.swift */; };
		ECE5675329DC3B680051A0B6 /* VendoreTBVCell.xib in Resources */ = {isa = PBXBuildFile; fileRef = ECE5675129DC3B680051A0B6 /* VendoreTBVCell.xib */; };
		ECF0F3AF29DAC945006CDA42 /* WeddingPackageVC.swift in Sources */ = {isa = PBXBuildFile; fileRef = ECF0F3AD29DAC945006CDA42 /* WeddingPackageVC.swift */; };
		ECF0F3B029DAC945006CDA42 /* WeddingPackageVC.xib in Resources */ = {isa = PBXBuildFile; fileRef = ECF0F3AE29DAC945006CDA42 /* WeddingPackageVC.xib */; };
		ECF0F3B429DAD081006CDA42 /* VenueDetailsVC.swift in Sources */ = {isa = PBXBuildFile; fileRef = ECF0F3B229DAD081006CDA42 /* VenueDetailsVC.swift */; };
		ECF0F3B529DAD081006CDA42 /* VenueDetailsVC.xib in Resources */ = {isa = PBXBuildFile; fileRef = ECF0F3B329DAD081006CDA42 /* VenueDetailsVC.xib */; };
		ECF0F3B929DAD1B4006CDA42 /* VenueDetailsFirstTBVCell.swift in Sources */ = {isa = PBXBuildFile; fileRef = ECF0F3B729DAD1B4006CDA42 /* VenueDetailsFirstTBVCell.swift */; };
		ECF0F3BA29DAD1B4006CDA42 /* VenueDetailsFirstTBVCell.xib in Resources */ = {isa = PBXBuildFile; fileRef = ECF0F3B829DAD1B4006CDA42 /* VenueDetailsFirstTBVCell.xib */; };
		ECF0F3BE29DAD1DF006CDA42 /* VenueDetailsSecondTBVCell.swift in Sources */ = {isa = PBXBuildFile; fileRef = ECF0F3BC29DAD1DF006CDA42 /* VenueDetailsSecondTBVCell.swift */; };
		ECF0F3BF29DAD1DF006CDA42 /* VenueDetailsSecondTBVCell.xib in Resources */ = {isa = PBXBuildFile; fileRef = ECF0F3BD29DAD1DF006CDA42 /* VenueDetailsSecondTBVCell.xib */; };
		ECF0F3C329DAD1FF006CDA42 /* VenueDetailsThirdTBVCell.swift in Sources */ = {isa = PBXBuildFile; fileRef = ECF0F3C129DAD1FF006CDA42 /* VenueDetailsThirdTBVCell.swift */; };
		ECF0F3C429DAD1FF006CDA42 /* VenueDetailsThirdTBVCell.xib in Resources */ = {isa = PBXBuildFile; fileRef = ECF0F3C229DAD1FF006CDA42 /* VenueDetailsThirdTBVCell.xib */; };
		ECF0F3C829DAD21A006CDA42 /* VenueDetailsFourthTBVCell.swift in Sources */ = {isa = PBXBuildFile; fileRef = ECF0F3C629DAD21A006CDA42 /* VenueDetailsFourthTBVCell.swift */; };
		ECF0F3C929DAD21A006CDA42 /* VenueDetailsFourthTBVCell.xib in Resources */ = {isa = PBXBuildFile; fileRef = ECF0F3C729DAD21A006CDA42 /* VenueDetailsFourthTBVCell.xib */; };
		ECF0F3CD29DAD23A006CDA42 /* VenueDetailsFiveTBVCell.swift in Sources */ = {isa = PBXBuildFile; fileRef = ECF0F3CB29DAD23A006CDA42 /* VenueDetailsFiveTBVCell.swift */; };
		ECF0F3CE29DAD23A006CDA42 /* VenueDetailsFiveTBVCell.xib in Resources */ = {isa = PBXBuildFile; fileRef = ECF0F3CC29DAD23A006CDA42 /* VenueDetailsFiveTBVCell.xib */; };
		ECF0F3D229DAD250006CDA42 /* VenueDetailsSixTBVCell.swift in Sources */ = {isa = PBXBuildFile; fileRef = ECF0F3D029DAD250006CDA42 /* VenueDetailsSixTBVCell.swift */; };
		ECF0F3D329DAD250006CDA42 /* VenueDetailsSixTBVCell.xib in Resources */ = {isa = PBXBuildFile; fileRef = ECF0F3D129DAD250006CDA42 /* VenueDetailsSixTBVCell.xib */; };
		ECF0F3D729DAD26C006CDA42 /* VenueDetailsSevenTBVCell.swift in Sources */ = {isa = PBXBuildFile; fileRef = ECF0F3D529DAD26C006CDA42 /* VenueDetailsSevenTBVCell.swift */; };
		ECF0F3D829DAD26C006CDA42 /* VenueDetailsSevenTBVCell.xib in Resources */ = {isa = PBXBuildFile; fileRef = ECF0F3D629DAD26C006CDA42 /* VenueDetailsSevenTBVCell.xib */; };
/* End PBXBuildFile section */

/* Begin PBXFileReference section */
		2378FF528CD6710A840D03EE /* Pods-WeddingBells.debug.xcconfig */ = {isa = PBXFileReference; includeInIndex = 1; lastKnownFileType = text.xcconfig; name = "Pods-WeddingBells.debug.xcconfig"; path = "Target Support Files/Pods-WeddingBells/Pods-WeddingBells.debug.xcconfig"; sourceTree = "<group>"; };
		5DCA5B0089F6FAA8C32213B9 /* Pods-WeddingBells.release.xcconfig */ = {isa = PBXFileReference; includeInIndex = 1; lastKnownFileType = text.xcconfig; name = "Pods-WeddingBells.release.xcconfig"; path = "Target Support Files/Pods-WeddingBells/Pods-WeddingBells.release.xcconfig"; sourceTree = "<group>"; };
		E97A125CEAB392802469DED4 /* Pods_WeddingBells.framework */ = {isa = PBXFileReference; explicitFileType = wrapper.framework; includeInIndex = 0; path = Pods_WeddingBells.framework; sourceTree = BUILT_PRODUCTS_DIR; };
		EC12D60129DC4A6000FEF5EB /* MessageTBVCell.swift */ = {isa = PBXFileReference; lastKnownFileType = sourcecode.swift; path = MessageTBVCell.swift; sourceTree = "<group>"; };
		EC12D60229DC4A6000FEF5EB /* MessageTBVCell.xib */ = {isa = PBXFileReference; lastKnownFileType = file.xib; path = MessageTBVCell.xib; sourceTree = "<group>"; };
		EC12D62029DC549100FEF5EB /* UserChatVC.swift */ = {isa = PBXFileReference; lastKnownFileType = sourcecode.swift; path = UserChatVC.swift; sourceTree = "<group>"; };
		EC12D62129DC549100FEF5EB /* UserChatVC.xib */ = {isa = PBXFileReference; lastKnownFileType = file.xib; path = UserChatVC.xib; sourceTree = "<group>"; };
		EC12D62529DC550F00FEF5EB /* ReciverMessageTBVCell.swift */ = {isa = PBXFileReference; lastKnownFileType = sourcecode.swift; path = ReciverMessageTBVCell.swift; sourceTree = "<group>"; };
		EC12D62629DC550F00FEF5EB /* ReciverMessageTBVCell.xib */ = {isa = PBXFileReference; lastKnownFileType = file.xib; path = ReciverMessageTBVCell.xib; sourceTree = "<group>"; };
		EC12D62A29DC569D00FEF5EB /* SenderMessageTBVCell.swift */ = {isa = PBXFileReference; lastKnownFileType = sourcecode.swift; path = SenderMessageTBVCell.swift; sourceTree = "<group>"; };
		EC12D62B29DC569D00FEF5EB /* SenderMessageTBVCell.xib */ = {isa = PBXFileReference; lastKnownFileType = file.xib; path = SenderMessageTBVCell.xib; sourceTree = "<group>"; };
		EC3AEA9D29DBE8A200C38C32 /* SelectLanguageCell.xib */ = {isa = PBXFileReference; fileEncoding = 4; lastKnownFileType = file.xib; path = SelectLanguageCell.xib; sourceTree = "<group>"; };
		EC3AEA9E29DBE8A200C38C32 /* SelectLanguageCell.swift */ = {isa = PBXFileReference; fileEncoding = 4; lastKnownFileType = sourcecode.swift; path = SelectLanguageCell.swift; sourceTree = "<group>"; };
		EC47F23729D6D253006AB45B /* en */ = {isa = PBXFileReference; lastKnownFileType = text.plist.strings; name = en; path = en.lproj/Localizable.strings; sourceTree = "<group>"; };
		EC47F23929D6D258006AB45B /* ar */ = {isa = PBXFileReference; lastKnownFileType = text.plist.strings; name = ar; path = ar.lproj/Localizable.strings; sourceTree = "<group>"; };
		EC47F23A29D6D25B006AB45B /* zh-Hant */ = {isa = PBXFileReference; lastKnownFileType = text.plist.strings; name = "zh-Hant"; path = "zh-Hant.lproj/Localizable.strings"; sourceTree = "<group>"; };
		EC47F23B29D6D25C006AB45B /* hi */ = {isa = PBXFileReference; lastKnownFileType = text.plist.strings; name = hi; path = hi.lproj/Localizable.strings; sourceTree = "<group>"; };
		EC47F23C29D6D25D006AB45B /* id */ = {isa = PBXFileReference; lastKnownFileType = text.plist.strings; name = id; path = id.lproj/Localizable.strings; sourceTree = "<group>"; };
		EC62A28029D70737006048CE /* FamousCVCell.swift */ = {isa = PBXFileReference; lastKnownFileType = sourcecode.swift; path = FamousCVCell.swift; sourceTree = "<group>"; };
		EC62A28129D70737006048CE /* FamousCVCell.xib */ = {isa = PBXFileReference; lastKnownFileType = file.xib; path = FamousCVCell.xib; sourceTree = "<group>"; };
		EC62A28529D70E24006048CE /* WeddingTBVCell.swift */ = {isa = PBXFileReference; lastKnownFileType = sourcecode.swift; path = WeddingTBVCell.swift; sourceTree = "<group>"; };
		EC62A28629D70E24006048CE /* WeddingTBVCell.xib */ = {isa = PBXFileReference; lastKnownFileType = file.xib; path = WeddingTBVCell.xib; sourceTree = "<group>"; };
		EC786EF029D6B0E3005F5FD4 /* WeddingBells.app */ = {isa = PBXFileReference; explicitFileType = wrapper.application; includeInIndex = 0; path = WeddingBells.app; sourceTree = BUILT_PRODUCTS_DIR; };
		EC786EF329D6B0E3005F5FD4 /* AppDelegate.swift */ = {isa = PBXFileReference; lastKnownFileType = sourcecode.swift; path = AppDelegate.swift; sourceTree = "<group>"; };
		EC786EF529D6B0E3005F5FD4 /* SceneDelegate.swift */ = {isa = PBXFileReference; lastKnownFileType = sourcecode.swift; path = SceneDelegate.swift; sourceTree = "<group>"; };
		EC786EF729D6B0E3005F5FD4 /* ViewController.swift */ = {isa = PBXFileReference; lastKnownFileType = sourcecode.swift; path = ViewController.swift; sourceTree = "<group>"; };
		EC786EFA29D6B0E3005F5FD4 /* Base */ = {isa = PBXFileReference; lastKnownFileType = file.storyboard; name = Base; path = Base.lproj/Main.storyboard; sourceTree = "<group>"; };
		EC786EFC29D6B0E5005F5FD4 /* Assets.xcassets */ = {isa = PBXFileReference; lastKnownFileType = folder.assetcatalog; path = Assets.xcassets; sourceTree = "<group>"; };
		EC786EFF29D6B0E5005F5FD4 /* Base */ = {isa = PBXFileReference; lastKnownFileType = file.storyboard; name = Base; path = Base.lproj/LaunchScreen.storyboard; sourceTree = "<group>"; };
		EC786F0129D6B0E5005F5FD4 /* Info.plist */ = {isa = PBXFileReference; lastKnownFileType = text.plist.xml; path = Info.plist; sourceTree = "<group>"; };
		EC786F0829D6B8BE005F5FD4 /* IntroVC.swift */ = {isa = PBXFileReference; fileEncoding = 4; lastKnownFileType = sourcecode.swift; path = IntroVC.swift; sourceTree = "<group>"; };
		EC786F0929D6B8BE005F5FD4 /* IntroVC.xib */ = {isa = PBXFileReference; fileEncoding = 4; lastKnownFileType = file.xib; path = IntroVC.xib; sourceTree = "<group>"; };
		EC786F0E29D6BB11005F5FD4 /* CommonTbvFooterView.xib */ = {isa = PBXFileReference; fileEncoding = 4; lastKnownFileType = file.xib; path = CommonTbvFooterView.xib; sourceTree = "<group>"; };
		EC786F0F29D6BB11005F5FD4 /* CommonTbvFooterView.swift */ = {isa = PBXFileReference; fileEncoding = 4; lastKnownFileType = sourcecode.swift; path = CommonTbvFooterView.swift; sourceTree = "<group>"; };
		EC786F1129D6BB11005F5FD4 /* TabBarVC.swift */ = {isa = PBXFileReference; fileEncoding = 4; lastKnownFileType = sourcecode.swift; path = TabBarVC.swift; sourceTree = "<group>"; };
		EC786F1329D6BB11005F5FD4 /* CustomTabCell.swift */ = {isa = PBXFileReference; fileEncoding = 4; lastKnownFileType = sourcecode.swift; path = CustomTabCell.swift; sourceTree = "<group>"; };
		EC786F1429D6BB11005F5FD4 /* CustomTabCell.xib */ = {isa = PBXFileReference; fileEncoding = 4; lastKnownFileType = file.xib; path = CustomTabCell.xib; sourceTree = "<group>"; };
		EC786F1529D6BB11005F5FD4 /* TabBarVC.xib */ = {isa = PBXFileReference; fileEncoding = 4; lastKnownFileType = file.xib; path = TabBarVC.xib; sourceTree = "<group>"; };
		EC786F1729D6BB11005F5FD4 /* CommonTbvHeaderView.swift */ = {isa = PBXFileReference; fileEncoding = 4; lastKnownFileType = sourcecode.swift; path = CommonTbvHeaderView.swift; sourceTree = "<group>"; };
		EC786F1829D6BB11005F5FD4 /* CommonTbvHeaderView.xib */ = {isa = PBXFileReference; fileEncoding = 4; lastKnownFileType = file.xib; path = CommonTbvHeaderView.xib; sourceTree = "<group>"; };
		EC786F1A29D6BB11005F5FD4 /* NavigationBar.swift */ = {isa = PBXFileReference; fileEncoding = 4; lastKnownFileType = sourcecode.swift; path = NavigationBar.swift; sourceTree = "<group>"; };
		EC786F1B29D6BB11005F5FD4 /* NavigationBar.xib */ = {isa = PBXFileReference; fileEncoding = 4; lastKnownFileType = file.xib; path = NavigationBar.xib; sourceTree = "<group>"; };
		EC786F1C29D6BB11005F5FD4 /* TabNavigationBar.swift */ = {isa = PBXFileReference; fileEncoding = 4; lastKnownFileType = sourcecode.swift; path = TabNavigationBar.swift; sourceTree = "<group>"; };
		EC786F1D29D6BB11005F5FD4 /* TabNavigationBar.xib */ = {isa = PBXFileReference; fileEncoding = 4; lastKnownFileType = file.xib; path = TabNavigationBar.xib; sourceTree = "<group>"; };
		EC786F1F29D6BB11005F5FD4 /* CommonCVHeaderView.swift */ = {isa = PBXFileReference; fileEncoding = 4; lastKnownFileType = sourcecode.swift; path = CommonCVHeaderView.swift; sourceTree = "<group>"; };
		EC786F2029D6BB11005F5FD4 /* CommonCVHeaderView.xib */ = {isa = PBXFileReference; fileEncoding = 4; lastKnownFileType = file.xib; path = CommonCVHeaderView.xib; sourceTree = "<group>"; };
		EC786F2229D6BB11005F5FD4 /* CommonCVFooterView.xib */ = {isa = PBXFileReference; fileEncoding = 4; lastKnownFileType = file.xib; path = CommonCVFooterView.xib; sourceTree = "<group>"; };
		EC786F2329D6BB11005F5FD4 /* CommonCVFooterView.swift */ = {isa = PBXFileReference; fileEncoding = 4; lastKnownFileType = sourcecode.swift; path = CommonCVFooterView.swift; sourceTree = "<group>"; };
		EC786F2529D6BB11005F5FD4 /* HeaderTitleOfTableview.xib */ = {isa = PBXFileReference; fileEncoding = 4; lastKnownFileType = file.xib; path = HeaderTitleOfTableview.xib; sourceTree = "<group>"; };
		EC786F2629D6BB11005F5FD4 /* HeaderTitleOfTableview.swift */ = {isa = PBXFileReference; fileEncoding = 4; lastKnownFileType = sourcecode.swift; path = HeaderTitleOfTableview.swift; sourceTree = "<group>"; };
		EC786F2929D6BB11005F5FD4 /* CollectionView+Extension.swift */ = {isa = PBXFileReference; fileEncoding = 4; lastKnownFileType = sourcecode.swift; path = "CollectionView+Extension.swift"; sourceTree = "<group>"; };
		EC786F2A29D6BB11005F5FD4 /* Model.swift */ = {isa = PBXFileReference; fileEncoding = 4; lastKnownFileType = sourcecode.swift; path = Model.swift; sourceTree = "<group>"; };
		EC786F2B29D6BB11005F5FD4 /* Localize.swift */ = {isa = PBXFileReference; fileEncoding = 4; lastKnownFileType = sourcecode.swift; path = Localize.swift; sourceTree = "<group>"; };
		EC786F2C29D6BB11005F5FD4 /* BasicStuff.swift */ = {isa = PBXFileReference; fileEncoding = 4; lastKnownFileType = sourcecode.swift; path = BasicStuff.swift; sourceTree = "<group>"; };
		EC786F2D29D6BB11005F5FD4 /* UITableView+Extension.swift */ = {isa = PBXFileReference; fileEncoding = 4; lastKnownFileType = sourcecode.swift; path = "UITableView+Extension.swift"; sourceTree = "<group>"; };
		EC786F5429D6BD47005F5FD4 /* Philosopher-BoldItalic.ttf */ = {isa = PBXFileReference; lastKnownFileType = file; path = "Philosopher-BoldItalic.ttf"; sourceTree = "<group>"; };
		EC786F5629D6BD71005F5FD4 /* Montserrat-SemiBold.ttf */ = {isa = PBXFileReference; lastKnownFileType = file; path = "Montserrat-SemiBold.ttf"; sourceTree = "<group>"; };
		EC786F5729D6BD71005F5FD4 /* Montserrat-Regular.ttf */ = {isa = PBXFileReference; lastKnownFileType = file; path = "Montserrat-Regular.ttf"; sourceTree = "<group>"; };
		EC786F5829D6BD71005F5FD4 /* Montserrat-Medium.ttf */ = {isa = PBXFileReference; lastKnownFileType = file; path = "Montserrat-Medium.ttf"; sourceTree = "<group>"; };
		EC786F5929D6BD71005F5FD4 /* Montserrat-ExtraBold.ttf */ = {isa = PBXFileReference; lastKnownFileType = file; path = "Montserrat-ExtraBold.ttf"; sourceTree = "<group>"; };
		EC786F5A29D6BD71005F5FD4 /* Montserrat-Bold.ttf */ = {isa = PBXFileReference; lastKnownFileType = file; path = "Montserrat-Bold.ttf"; sourceTree = "<group>"; };
		EC786F6029D6C230005F5FD4 /* NunitoSans-Bold.ttf */ = {isa = PBXFileReference; lastKnownFileType = file; path = "NunitoSans-Bold.ttf"; sourceTree = "<group>"; };
		EC7E10EE29D7EC7700DEC3A8 /* Data.swift */ = {isa = PBXFileReference; lastKnownFileType = sourcecode.swift; path = Data.swift; sourceTree = "<group>"; };
		EC8CE28929DBEB3500EF4632 /* SelectCityVC.swift */ = {isa = PBXFileReference; lastKnownFileType = sourcecode.swift; path = SelectCityVC.swift; sourceTree = "<group>"; };
		EC8CE28A29DBEB3500EF4632 /* SelectCityVC.xib */ = {isa = PBXFileReference; lastKnownFileType = file.xib; path = SelectCityVC.xib; sourceTree = "<group>"; };
		EC8CE28E29DBEF9100EF4632 /* AlbumsVC.swift */ = {isa = PBXFileReference; lastKnownFileType = sourcecode.swift; path = AlbumsVC.swift; sourceTree = "<group>"; };
		EC8CE28F29DBEF9100EF4632 /* AlbumsVC.xib */ = {isa = PBXFileReference; lastKnownFileType = file.xib; path = AlbumsVC.xib; sourceTree = "<group>"; };
		EC8CE29329DBF10C00EF4632 /* DiningAreaVC.swift */ = {isa = PBXFileReference; lastKnownFileType = sourcecode.swift; path = DiningAreaVC.swift; sourceTree = "<group>"; };
		EC8CE29429DBF10C00EF4632 /* DiningAreaVC.xib */ = {isa = PBXFileReference; lastKnownFileType = file.xib; path = DiningAreaVC.xib; sourceTree = "<group>"; };
		EC8CE29829DBF1BF00EF4632 /* DiningCVCell.swift */ = {isa = PBXFileReference; lastKnownFileType = sourcecode.swift; path = DiningCVCell.swift; sourceTree = "<group>"; };
		EC8CE29929DBF1BF00EF4632 /* DiningCVCell.xib */ = {isa = PBXFileReference; lastKnownFileType = file.xib; path = DiningCVCell.xib; sourceTree = "<group>"; };
		EC8CE29D29DBF8A100EF4632 /* CheckavailabiltyVC.swift */ = {isa = PBXFileReference; lastKnownFileType = sourcecode.swift; path = CheckavailabiltyVC.swift; sourceTree = "<group>"; };
		EC8CE29E29DBF8A100EF4632 /* CheckavailabiltyVC.xib */ = {isa = PBXFileReference; lastKnownFileType = file.xib; path = CheckavailabiltyVC.xib; sourceTree = "<group>"; };
		EC8CE2A229DC067D00EF4632 /* FunctionTypeVC.swift */ = {isa = PBXFileReference; lastKnownFileType = sourcecode.swift; path = FunctionTypeVC.swift; sourceTree = "<group>"; };
		EC8CE2A329DC067D00EF4632 /* FunctionTypeVC.xib */ = {isa = PBXFileReference; lastKnownFileType = file.xib; path = FunctionTypeVC.xib; sourceTree = "<group>"; };
		ECC6D0C229D6DD83002CE30B /* OtpVerificationVC.swift */ = {isa = PBXFileReference; fileEncoding = 4; lastKnownFileType = sourcecode.swift; path = OtpVerificationVC.swift; sourceTree = "<group>"; };
		ECC6D0C329D6DD83002CE30B /* OtpVerificationVC.xib */ = {isa = PBXFileReference; fileEncoding = 4; lastKnownFileType = file.xib; path = OtpVerificationVC.xib; sourceTree = "<group>"; };
		ECC6D0CB29D6DD83002CE30B /* LoginVC.swift */ = {isa = PBXFileReference; fileEncoding = 4; lastKnownFileType = sourcecode.swift; path = LoginVC.swift; sourceTree = "<group>"; };
		ECC6D0CC29D6DD83002CE30B /* LoginVC.xib */ = {isa = PBXFileReference; fileEncoding = 4; lastKnownFileType = file.xib; path = LoginVC.xib; sourceTree = "<group>"; };
		ECC6D0DD29D6E200002CE30B /* RegisterVC.swift */ = {isa = PBXFileReference; fileEncoding = 4; lastKnownFileType = sourcecode.swift; path = RegisterVC.swift; sourceTree = "<group>"; };
		ECC6D0DE29D6E200002CE30B /* RegisterVC.xib */ = {isa = PBXFileReference; fileEncoding = 4; lastKnownFileType = file.xib; path = RegisterVC.xib; sourceTree = "<group>"; };
		ECC6D1F929D6E8B5002CE30B /* HomeVC.swift */ = {isa = PBXFileReference; lastKnownFileType = sourcecode.swift; path = HomeVC.swift; sourceTree = "<group>"; };
		ECC6D1FA29D6E8B5002CE30B /* HomeVC.xib */ = {isa = PBXFileReference; lastKnownFileType = file.xib; path = HomeVC.xib; sourceTree = "<group>"; };
		ECC6D1FE29D6E8D9002CE30B /* VendorsVC.swift */ = {isa = PBXFileReference; lastKnownFileType = sourcecode.swift; path = VendorsVC.swift; sourceTree = "<group>"; };
		ECC6D1FF29D6E8D9002CE30B /* VendorsVC.xib */ = {isa = PBXFileReference; lastKnownFileType = file.xib; path = VendorsVC.xib; sourceTree = "<group>"; };
		ECC6D20329D6E8F1002CE30B /* TaskVC.swift */ = {isa = PBXFileReference; lastKnownFileType = sourcecode.swift; path = TaskVC.swift; sourceTree = "<group>"; };
		ECC6D20429D6E8F1002CE30B /* TaskVC.xib */ = {isa = PBXFileReference; lastKnownFileType = file.xib; path = TaskVC.xib; sourceTree = "<group>"; };
		ECC6D20829D6E90F002CE30B /* MessageVC.swift */ = {isa = PBXFileReference; lastKnownFileType = sourcecode.swift; path = MessageVC.swift; sourceTree = "<group>"; };
		ECC6D20929D6E90F002CE30B /* MessageVC.xib */ = {isa = PBXFileReference; lastKnownFileType = file.xib; path = MessageVC.xib; sourceTree = "<group>"; };
		ECC6D20C29D6E92E002CE30B /* ProfileVC.swift */ = {isa = PBXFileReference; lastKnownFileType = sourcecode.swift; path = ProfileVC.swift; sourceTree = "<group>"; };
		ECC6D20D29D6E92E002CE30B /* ProfileVC.xib */ = {isa = PBXFileReference; lastKnownFileType = file.xib; path = ProfileVC.xib; sourceTree = "<group>"; };
		ECC6D21229D6F86B002CE30B /* HomeFirstTBVCell.swift */ = {isa = PBXFileReference; lastKnownFileType = sourcecode.swift; path = HomeFirstTBVCell.swift; sourceTree = "<group>"; };
		ECC6D21329D6F86B002CE30B /* HomeFirstTBVCell.xib */ = {isa = PBXFileReference; lastKnownFileType = file.xib; path = HomeFirstTBVCell.xib; sourceTree = "<group>"; };
		ECC6D21A29D6FF64002CE30B /* TableviewDatasource.swift */ = {isa = PBXFileReference; lastKnownFileType = sourcecode.swift; path = TableviewDatasource.swift; sourceTree = "<group>"; };
		ECC6D21D29D7019D002CE30B /* CategoriesTBVCell.swift */ = {isa = PBXFileReference; lastKnownFileType = sourcecode.swift; path = CategoriesTBVCell.swift; sourceTree = "<group>"; };
		ECC6D21E29D7019D002CE30B /* CategoriesTBVCell.xib */ = {isa = PBXFileReference; lastKnownFileType = file.xib; path = CategoriesTBVCell.xib; sourceTree = "<group>"; };
		ECC6D22129D701D4002CE30B /* FamousTBVCell.swift */ = {isa = PBXFileReference; lastKnownFileType = sourcecode.swift; path = FamousTBVCell.swift; sourceTree = "<group>"; };
		ECC6D22229D701D4002CE30B /* FamousTBVCell.xib */ = {isa = PBXFileReference; lastKnownFileType = file.xib; path = FamousTBVCell.xib; sourceTree = "<group>"; };
		ECC6D22729D70228002CE30B /* TrendingDecorTBVCell.swift */ = {isa = PBXFileReference; lastKnownFileType = sourcecode.swift; path = TrendingDecorTBVCell.swift; sourceTree = "<group>"; };
		ECC6D22829D70228002CE30B /* TrendingDecorTBVCell.xib */ = {isa = PBXFileReference; lastKnownFileType = file.xib; path = TrendingDecorTBVCell.xib; sourceTree = "<group>"; };
		ECC6D22D29D70383002CE30B /* CollectionViewDatasource.swift */ = {isa = PBXFileReference; lastKnownFileType = sourcecode.swift; path = CollectionViewDatasource.swift; sourceTree = "<group>"; };
		ECC6D22F29D703D8002CE30B /* CategoriesCVCell.swift */ = {isa = PBXFileReference; lastKnownFileType = sourcecode.swift; path = CategoriesCVCell.swift; sourceTree = "<group>"; };
		ECC6D23029D703D8002CE30B /* CategoriesCVCell.xib */ = {isa = PBXFileReference; lastKnownFileType = file.xib; path = CategoriesCVCell.xib; sourceTree = "<group>"; };
		ECD349B629DC40DB0000C1A2 /* VenueVC.swift */ = {isa = PBXFileReference; lastKnownFileType = sourcecode.swift; path = VenueVC.swift; sourceTree = "<group>"; };
		ECD349B729DC40DB0000C1A2 /* VenueVC.xib */ = {isa = PBXFileReference; lastKnownFileType = file.xib; path = VenueVC.xib; sourceTree = "<group>"; };
		ECD349BB29DC424D0000C1A2 /* VenueTBVCell.swift */ = {isa = PBXFileReference; lastKnownFileType = sourcecode.swift; name = VenueTBVCell.swift; path = WeddingBells/DashBoard/VendorsTAB/VenueTBVCell.swift; sourceTree = SOURCE_ROOT; };
		ECD349BC29DC424D0000C1A2 /* VenueTBVCell.xib */ = {isa = PBXFileReference; lastKnownFileType = file.xib; name = VenueTBVCell.xib; path = WeddingBells/DashBoard/VendorsTAB/VenueTBVCell.xib; sourceTree = SOURCE_ROOT; };
		ECDF896F29DC16C0008B6297 /* BookNowVC.swift */ = {isa = PBXFileReference; lastKnownFileType = sourcecode.swift; path = BookNowVC.swift; sourceTree = "<group>"; };
		ECDF897029DC16C0008B6297 /* BookNowVC.xib */ = {isa = PBXFileReference; lastKnownFileType = file.xib; path = BookNowVC.xib; sourceTree = "<group>"; };
		ECE5672329DC20CA0051A0B6 /* AddNewVC.xib */ = {isa = PBXFileReference; fileEncoding = 4; lastKnownFileType = file.xib; path = AddNewVC.xib; sourceTree = "<group>"; };
		ECE5672429DC20CA0051A0B6 /* AddNewVC.swift */ = {isa = PBXFileReference; fileEncoding = 4; lastKnownFileType = sourcecode.swift; path = AddNewVC.swift; sourceTree = "<group>"; };
		ECE5672829DC24040051A0B6 /* SucessVC.swift */ = {isa = PBXFileReference; lastKnownFileType = sourcecode.swift; path = SucessVC.swift; sourceTree = "<group>"; };
		ECE5672929DC24040051A0B6 /* SucessVC.xib */ = {isa = PBXFileReference; lastKnownFileType = file.xib; path = SucessVC.xib; sourceTree = "<group>"; };
		ECE5672E29DC25940051A0B6 /* NotificationCell.xib */ = {isa = PBXFileReference; fileEncoding = 4; lastKnownFileType = file.xib; path = NotificationCell.xib; sourceTree = "<group>"; };
		ECE5672F29DC25940051A0B6 /* NotificationCell.swift */ = {isa = PBXFileReference; fileEncoding = 4; lastKnownFileType = sourcecode.swift; path = NotificationCell.swift; sourceTree = "<group>"; };
		ECE5673029DC25940051A0B6 /* NotifiactionVC.xib */ = {isa = PBXFileReference; fileEncoding = 4; lastKnownFileType = file.xib; path = NotifiactionVC.xib; sourceTree = "<group>"; };
		ECE5673129DC25940051A0B6 /* NotifiactionVC.swift */ = {isa = PBXFileReference; fileEncoding = 4; lastKnownFileType = sourcecode.swift; path = NotifiactionVC.swift; sourceTree = "<group>"; };
		ECE5673729DC2B2C0051A0B6 /* SerchBookVC.swift */ = {isa = PBXFileReference; fileEncoding = 4; lastKnownFileType = sourcecode.swift; path = SerchBookVC.swift; sourceTree = "<group>"; };
		ECE5673829DC2B2C0051A0B6 /* SerchBookVC.xib */ = {isa = PBXFileReference; fileEncoding = 4; lastKnownFileType = file.xib; path = SerchBookVC.xib; sourceTree = "<group>"; };
		ECE5673D29DC2B2C0051A0B6 /* RecentSerchCell.xib */ = {isa = PBXFileReference; fileEncoding = 4; lastKnownFileType = file.xib; path = RecentSerchCell.xib; sourceTree = "<group>"; };
		ECE5673E29DC2B2C0051A0B6 /* RecentSerchCell.swift */ = {isa = PBXFileReference; fileEncoding = 4; lastKnownFileType = sourcecode.swift; path = RecentSerchCell.swift; sourceTree = "<group>"; };
		ECE5674B29DC2EE70051A0B6 /* CustomerReviewVC.swift */ = {isa = PBXFileReference; lastKnownFileType = sourcecode.swift; path = CustomerReviewVC.swift; sourceTree = "<group>"; };
		ECE5674C29DC2EE70051A0B6 /* CustomerReviewVC.xib */ = {isa = PBXFileReference; lastKnownFileType = file.xib; path = CustomerReviewVC.xib; sourceTree = "<group>"; };
		ECE5675029DC3B680051A0B6 /* VendoreTBVCell.swift */ = {isa = PBXFileReference; lastKnownFileType = sourcecode.swift; path = VendoreTBVCell.swift; sourceTree = "<group>"; };
		ECE5675129DC3B680051A0B6 /* VendoreTBVCell.xib */ = {isa = PBXFileReference; lastKnownFileType = file.xib; path = VendoreTBVCell.xib; sourceTree = "<group>"; };
		ECF0F3AD29DAC945006CDA42 /* WeddingPackageVC.swift */ = {isa = PBXFileReference; lastKnownFileType = sourcecode.swift; path = WeddingPackageVC.swift; sourceTree = "<group>"; };
		ECF0F3AE29DAC945006CDA42 /* WeddingPackageVC.xib */ = {isa = PBXFileReference; lastKnownFileType = file.xib; path = WeddingPackageVC.xib; sourceTree = "<group>"; };
		ECF0F3B229DAD081006CDA42 /* VenueDetailsVC.swift */ = {isa = PBXFileReference; lastKnownFileType = sourcecode.swift; path = VenueDetailsVC.swift; sourceTree = "<group>"; };
		ECF0F3B329DAD081006CDA42 /* VenueDetailsVC.xib */ = {isa = PBXFileReference; lastKnownFileType = file.xib; path = VenueDetailsVC.xib; sourceTree = "<group>"; };
		ECF0F3B729DAD1B4006CDA42 /* VenueDetailsFirstTBVCell.swift */ = {isa = PBXFileReference; lastKnownFileType = sourcecode.swift; path = VenueDetailsFirstTBVCell.swift; sourceTree = "<group>"; };
		ECF0F3B829DAD1B4006CDA42 /* VenueDetailsFirstTBVCell.xib */ = {isa = PBXFileReference; lastKnownFileType = file.xib; path = VenueDetailsFirstTBVCell.xib; sourceTree = "<group>"; };
		ECF0F3BC29DAD1DF006CDA42 /* VenueDetailsSecondTBVCell.swift */ = {isa = PBXFileReference; lastKnownFileType = sourcecode.swift; path = VenueDetailsSecondTBVCell.swift; sourceTree = "<group>"; };
		ECF0F3BD29DAD1DF006CDA42 /* VenueDetailsSecondTBVCell.xib */ = {isa = PBXFileReference; lastKnownFileType = file.xib; path = VenueDetailsSecondTBVCell.xib; sourceTree = "<group>"; };
		ECF0F3C129DAD1FF006CDA42 /* VenueDetailsThirdTBVCell.swift */ = {isa = PBXFileReference; lastKnownFileType = sourcecode.swift; path = VenueDetailsThirdTBVCell.swift; sourceTree = "<group>"; };
		ECF0F3C229DAD1FF006CDA42 /* VenueDetailsThirdTBVCell.xib */ = {isa = PBXFileReference; lastKnownFileType = file.xib; path = VenueDetailsThirdTBVCell.xib; sourceTree = "<group>"; };
		ECF0F3C629DAD21A006CDA42 /* VenueDetailsFourthTBVCell.swift */ = {isa = PBXFileReference; lastKnownFileType = sourcecode.swift; path = VenueDetailsFourthTBVCell.swift; sourceTree = "<group>"; };
		ECF0F3C729DAD21A006CDA42 /* VenueDetailsFourthTBVCell.xib */ = {isa = PBXFileReference; lastKnownFileType = file.xib; path = VenueDetailsFourthTBVCell.xib; sourceTree = "<group>"; };
		ECF0F3CB29DAD23A006CDA42 /* VenueDetailsFiveTBVCell.swift */ = {isa = PBXFileReference; lastKnownFileType = sourcecode.swift; path = VenueDetailsFiveTBVCell.swift; sourceTree = "<group>"; };
		ECF0F3CC29DAD23A006CDA42 /* VenueDetailsFiveTBVCell.xib */ = {isa = PBXFileReference; lastKnownFileType = file.xib; path = VenueDetailsFiveTBVCell.xib; sourceTree = "<group>"; };
		ECF0F3D029DAD250006CDA42 /* VenueDetailsSixTBVCell.swift */ = {isa = PBXFileReference; lastKnownFileType = sourcecode.swift; path = VenueDetailsSixTBVCell.swift; sourceTree = "<group>"; };
		ECF0F3D129DAD250006CDA42 /* VenueDetailsSixTBVCell.xib */ = {isa = PBXFileReference; lastKnownFileType = file.xib; path = VenueDetailsSixTBVCell.xib; sourceTree = "<group>"; };
		ECF0F3D529DAD26C006CDA42 /* VenueDetailsSevenTBVCell.swift */ = {isa = PBXFileReference; lastKnownFileType = sourcecode.swift; path = VenueDetailsSevenTBVCell.swift; sourceTree = "<group>"; };
		ECF0F3D629DAD26C006CDA42 /* VenueDetailsSevenTBVCell.xib */ = {isa = PBXFileReference; lastKnownFileType = file.xib; path = VenueDetailsSevenTBVCell.xib; sourceTree = "<group>"; };
/* End PBXFileReference section */

/* Begin PBXFrameworksBuildPhase section */
		EC786EED29D6B0E3005F5FD4 /* Frameworks */ = {
			isa = PBXFrameworksBuildPhase;
			buildActionMask = 2147483647;
			files = (
				19A097EB56DB7B2D10AC03CF /* Pods_WeddingBells.framework in Frameworks */,
			);
			runOnlyForDeploymentPostprocessing = 0;
		};
/* End PBXFrameworksBuildPhase section */

/* Begin PBXGroup section */
		7972405DB7067B2928B76EB2 /* Pods */ = {
			isa = PBXGroup;
			children = (
				2378FF528CD6710A840D03EE /* Pods-WeddingBells.debug.xcconfig */,
				5DCA5B0089F6FAA8C32213B9 /* Pods-WeddingBells.release.xcconfig */,
			);
			path = Pods;
			sourceTree = "<group>";
		};
		B067FE4AFACE88DDB25F61D0 /* Frameworks */ = {
			isa = PBXGroup;
			children = (
				E97A125CEAB392802469DED4 /* Pods_WeddingBells.framework */,
			);
			name = Frameworks;
			sourceTree = "<group>";
		};
		EC12D61F29DC547100FEF5EB /* UserChatVC */ = {
			isa = PBXGroup;
			children = (
				EC12D62029DC549100FEF5EB /* UserChatVC.swift */,
				EC12D62129DC549100FEF5EB /* UserChatVC.xib */,
				EC12D62429DC54EC00FEF5EB /* ReciverMessageTBVCell */,
				EC12D62929DC568E00FEF5EB /* SenderMessageTBVCell */,
			);
			path = UserChatVC;
			sourceTree = "<group>";
		};
		EC12D62429DC54EC00FEF5EB /* ReciverMessageTBVCell */ = {
			isa = PBXGroup;
			children = (
				EC12D62529DC550F00FEF5EB /* ReciverMessageTBVCell.swift */,
				EC12D62629DC550F00FEF5EB /* ReciverMessageTBVCell.xib */,
			);
			path = ReciverMessageTBVCell;
			sourceTree = "<group>";
		};
		EC12D62929DC568E00FEF5EB /* SenderMessageTBVCell */ = {
			isa = PBXGroup;
			children = (
				EC12D62A29DC569D00FEF5EB /* SenderMessageTBVCell.swift */,
				EC12D62B29DC569D00FEF5EB /* SenderMessageTBVCell.xib */,
			);
			path = SenderMessageTBVCell;
			sourceTree = "<group>";
		};
		EC3AEA9C29DBE8A200C38C32 /* SelectLanguageCell */ = {
			isa = PBXGroup;
			children = (
				EC3AEA9D29DBE8A200C38C32 /* SelectLanguageCell.xib */,
				EC3AEA9E29DBE8A200C38C32 /* SelectLanguageCell.swift */,
			);
			path = SelectLanguageCell;
			sourceTree = "<group>";
		};
		EC62A27F29D70723006048CE /* FamousCVCell */ = {
			isa = PBXGroup;
			children = (
				EC62A28029D70737006048CE /* FamousCVCell.swift */,
				EC62A28129D70737006048CE /* FamousCVCell.xib */,
			);
			path = FamousCVCell;
			sourceTree = "<group>";
		};
		EC62A28429D70E08006048CE /* WeddingTBVCell */ = {
			isa = PBXGroup;
			children = (
				EC62A28529D70E24006048CE /* WeddingTBVCell.swift */,
				EC62A28629D70E24006048CE /* WeddingTBVCell.xib */,
			);
			path = WeddingTBVCell;
			sourceTree = "<group>";
		};
		EC786EE729D6B0E3005F5FD4 = {
			isa = PBXGroup;
			children = (
				EC786EF229D6B0E3005F5FD4 /* WeddingBells */,
				EC786EF129D6B0E3005F5FD4 /* Products */,
				7972405DB7067B2928B76EB2 /* Pods */,
				B067FE4AFACE88DDB25F61D0 /* Frameworks */,
			);
			sourceTree = "<group>";
		};
		EC786EF129D6B0E3005F5FD4 /* Products */ = {
			isa = PBXGroup;
			children = (
				EC786EF029D6B0E3005F5FD4 /* WeddingBells.app */,
			);
			name = Products;
			sourceTree = "<group>";
		};
		EC786EF229D6B0E3005F5FD4 /* WeddingBells */ = {
			isa = PBXGroup;
			children = (
				EC786EF329D6B0E3005F5FD4 /* AppDelegate.swift */,
				EC786EF529D6B0E3005F5FD4 /* SceneDelegate.swift */,
				EC786EF929D6B0E3005F5FD4 /* Main.storyboard */,
				EC786EFE29D6B0E5005F5FD4 /* LaunchScreen.storyboard */,
				EC786EF729D6B0E3005F5FD4 /* ViewController.swift */,
				EC47F23829D6D253006AB45B /* Localizable.strings */,
				EC786F0C29D6BB11005F5FD4 /* GlobalSources */,
				EC786F2729D6BB11005F5FD4 /* Resources */,
				EC786F0729D6B8BE005F5FD4 /* IntroVC */,
				ECC6D0BD29D6DD83002CE30B /* LoginFlow */,
				ECC6D21029D6EAD7002CE30B /* DashBoard */,
				EC786EFC29D6B0E5005F5FD4 /* Assets.xcassets */,
				EC786F0129D6B0E5005F5FD4 /* Info.plist */,
			);
			path = WeddingBells;
			sourceTree = "<group>";
		};
		EC786F0729D6B8BE005F5FD4 /* IntroVC */ = {
			isa = PBXGroup;
			children = (
				EC786F0829D6B8BE005F5FD4 /* IntroVC.swift */,
				EC786F0929D6B8BE005F5FD4 /* IntroVC.xib */,
			);
			path = IntroVC;
			sourceTree = "<group>";
		};
		EC786F0C29D6BB11005F5FD4 /* GlobalSources */ = {
			isa = PBXGroup;
			children = (
				EC786F1029D6BB11005F5FD4 /* TabBarVC */,
				EC786F1929D6BB11005F5FD4 /* NavigationBar */,
				EC786F0D29D6BB11005F5FD4 /* CommonTbvFooterView */,
				EC786F1629D6BB11005F5FD4 /* CommonTbvHeaderView */,
				EC786F1E29D6BB11005F5FD4 /* CommonCVHeaderView */,
				EC786F2129D6BB11005F5FD4 /* CommonCVFooterView */,
				EC786F2429D6BB11005F5FD4 /* CommonTableviewHeader */,
			);
			path = GlobalSources;
			sourceTree = "<group>";
		};
		EC786F0D29D6BB11005F5FD4 /* CommonTbvFooterView */ = {
			isa = PBXGroup;
			children = (
				EC786F0E29D6BB11005F5FD4 /* CommonTbvFooterView.xib */,
				EC786F0F29D6BB11005F5FD4 /* CommonTbvFooterView.swift */,
			);
			path = CommonTbvFooterView;
			sourceTree = "<group>";
		};
		EC786F1029D6BB11005F5FD4 /* TabBarVC */ = {
			isa = PBXGroup;
			children = (
				EC786F1129D6BB11005F5FD4 /* TabBarVC.swift */,
				EC786F1529D6BB11005F5FD4 /* TabBarVC.xib */,
				EC786F1229D6BB11005F5FD4 /* CustomTabCell */,
			);
			path = TabBarVC;
			sourceTree = "<group>";
		};
		EC786F1229D6BB11005F5FD4 /* CustomTabCell */ = {
			isa = PBXGroup;
			children = (
				EC786F1329D6BB11005F5FD4 /* CustomTabCell.swift */,
				EC786F1429D6BB11005F5FD4 /* CustomTabCell.xib */,
			);
			path = CustomTabCell;
			sourceTree = "<group>";
		};
		EC786F1629D6BB11005F5FD4 /* CommonTbvHeaderView */ = {
			isa = PBXGroup;
			children = (
				EC786F1729D6BB11005F5FD4 /* CommonTbvHeaderView.swift */,
				EC786F1829D6BB11005F5FD4 /* CommonTbvHeaderView.xib */,
			);
			path = CommonTbvHeaderView;
			sourceTree = "<group>";
		};
		EC786F1929D6BB11005F5FD4 /* NavigationBar */ = {
			isa = PBXGroup;
			children = (
				EC786F1A29D6BB11005F5FD4 /* NavigationBar.swift */,
				EC786F1B29D6BB11005F5FD4 /* NavigationBar.xib */,
				EC786F1C29D6BB11005F5FD4 /* TabNavigationBar.swift */,
				EC786F1D29D6BB11005F5FD4 /* TabNavigationBar.xib */,
			);
			path = NavigationBar;
			sourceTree = "<group>";
		};
		EC786F1E29D6BB11005F5FD4 /* CommonCVHeaderView */ = {
			isa = PBXGroup;
			children = (
				EC786F1F29D6BB11005F5FD4 /* CommonCVHeaderView.swift */,
				EC786F2029D6BB11005F5FD4 /* CommonCVHeaderView.xib */,
			);
			path = CommonCVHeaderView;
			sourceTree = "<group>";
		};
		EC786F2129D6BB11005F5FD4 /* CommonCVFooterView */ = {
			isa = PBXGroup;
			children = (
				EC786F2229D6BB11005F5FD4 /* CommonCVFooterView.xib */,
				EC786F2329D6BB11005F5FD4 /* CommonCVFooterView.swift */,
			);
			path = CommonCVFooterView;
			sourceTree = "<group>";
		};
		EC786F2429D6BB11005F5FD4 /* CommonTableviewHeader */ = {
			isa = PBXGroup;
			children = (
				EC786F2529D6BB11005F5FD4 /* HeaderTitleOfTableview.xib */,
				EC786F2629D6BB11005F5FD4 /* HeaderTitleOfTableview.swift */,
			);
			path = CommonTableviewHeader;
			sourceTree = "<group>";
		};
		EC786F2729D6BB11005F5FD4 /* Resources */ = {
			isa = PBXGroup;
			children = (
				EC7E10F029D7EC8800DEC3A8 /* MVC */,
				EC786F2829D6BB11005F5FD4 /* BasicStuff */,
				EC786F2E29D6BB11005F5FD4 /* Fonts */,
			);
			path = Resources;
			sourceTree = "<group>";
		};
		EC786F2829D6BB11005F5FD4 /* BasicStuff */ = {
			isa = PBXGroup;
			children = (
				EC786F2C29D6BB11005F5FD4 /* BasicStuff.swift */,
				EC786F2B29D6BB11005F5FD4 /* Localize.swift */,
				EC786F2929D6BB11005F5FD4 /* CollectionView+Extension.swift */,
				EC786F2D29D6BB11005F5FD4 /* UITableView+Extension.swift */,
			);
			path = BasicStuff;
			sourceTree = "<group>";
		};
		EC786F2E29D6BB11005F5FD4 /* Fonts */ = {
			isa = PBXGroup;
			children = (
				EC786F6029D6C230005F5FD4 /* NunitoSans-Bold.ttf */,
				EC786F5A29D6BD71005F5FD4 /* Montserrat-Bold.ttf */,
				EC786F5929D6BD71005F5FD4 /* Montserrat-ExtraBold.ttf */,
				EC786F5829D6BD71005F5FD4 /* Montserrat-Medium.ttf */,
				EC786F5729D6BD71005F5FD4 /* Montserrat-Regular.ttf */,
				EC786F5629D6BD71005F5FD4 /* Montserrat-SemiBold.ttf */,
				EC786F5429D6BD47005F5FD4 /* Philosopher-BoldItalic.ttf */,
			);
			path = Fonts;
			sourceTree = "<group>";
		};
		EC7E10F029D7EC8800DEC3A8 /* MVC */ = {
			isa = PBXGroup;
			children = (
				EC786F2A29D6BB11005F5FD4 /* Model.swift */,
				EC7E10EE29D7EC7700DEC3A8 /* Data.swift */,
				ECC6D21A29D6FF64002CE30B /* TableviewDatasource.swift */,
				ECC6D22D29D70383002CE30B /* CollectionViewDatasource.swift */,
			);
			path = MVC;
			sourceTree = "<group>";
		};
		EC8CE28829DBEB2600EF4632 /* SelectCityVC */ = {
			isa = PBXGroup;
			children = (
				EC8CE28929DBEB3500EF4632 /* SelectCityVC.swift */,
				EC8CE28A29DBEB3500EF4632 /* SelectCityVC.xib */,
				EC3AEA9C29DBE8A200C38C32 /* SelectLanguageCell */,
			);
			path = SelectCityVC;
			sourceTree = "<group>";
		};
		EC8CE28D29DBEF6600EF4632 /* AlbumsVC */ = {
			isa = PBXGroup;
			children = (
				EC8CE28E29DBEF9100EF4632 /* AlbumsVC.swift */,
				EC8CE28F29DBEF9100EF4632 /* AlbumsVC.xib */,
			);
			path = AlbumsVC;
			sourceTree = "<group>";
		};
		EC8CE29229DBF0EC00EF4632 /* DiningAreaVC */ = {
			isa = PBXGroup;
			children = (
				EC8CE29329DBF10C00EF4632 /* DiningAreaVC.swift */,
				EC8CE29429DBF10C00EF4632 /* DiningAreaVC.xib */,
				EC8CE29729DBF1A300EF4632 /* DiningCVCell */,
			);
			path = DiningAreaVC;
			sourceTree = "<group>";
		};
		EC8CE29729DBF1A300EF4632 /* DiningCVCell */ = {
			isa = PBXGroup;
			children = (
				EC8CE29829DBF1BF00EF4632 /* DiningCVCell.swift */,
				EC8CE29929DBF1BF00EF4632 /* DiningCVCell.xib */,
			);
			path = DiningCVCell;
			sourceTree = "<group>";
		};
		EC8CE29C29DBF7D300EF4632 /* CheckavailabiltyVC */ = {
			isa = PBXGroup;
			children = (
				EC8CE29D29DBF8A100EF4632 /* CheckavailabiltyVC.swift */,
				EC8CE29E29DBF8A100EF4632 /* CheckavailabiltyVC.xib */,
				EC8CE2A129DC05EE00EF4632 /* FunctionTypeVC */,
			);
			path = CheckavailabiltyVC;
			sourceTree = "<group>";
		};
		EC8CE2A129DC05EE00EF4632 /* FunctionTypeVC */ = {
			isa = PBXGroup;
			children = (
				EC8CE2A229DC067D00EF4632 /* FunctionTypeVC.swift */,
				EC8CE2A329DC067D00EF4632 /* FunctionTypeVC.xib */,
			);
			path = FunctionTypeVC;
			sourceTree = "<group>";
		};
		ECC6D0BD29D6DD83002CE30B /* LoginFlow */ = {
			isa = PBXGroup;
			children = (
				ECC6D0CA29D6DD83002CE30B /* Login */,
				ECC6D0DC29D6E200002CE30B /* RegisterVC */,
				ECC6D0C129D6DD83002CE30B /* OtpVerificationVC */,
			);
			path = LoginFlow;
			sourceTree = "<group>";
		};
		ECC6D0C129D6DD83002CE30B /* OtpVerificationVC */ = {
			isa = PBXGroup;
			children = (
				ECC6D0C229D6DD83002CE30B /* OtpVerificationVC.swift */,
				ECC6D0C329D6DD83002CE30B /* OtpVerificationVC.xib */,
			);
			path = OtpVerificationVC;
			sourceTree = "<group>";
		};
		ECC6D0CA29D6DD83002CE30B /* Login */ = {
			isa = PBXGroup;
			children = (
				ECC6D0CB29D6DD83002CE30B /* LoginVC.swift */,
				ECC6D0CC29D6DD83002CE30B /* LoginVC.xib */,
			);
			path = Login;
			sourceTree = "<group>";
		};
		ECC6D0DC29D6E200002CE30B /* RegisterVC */ = {
			isa = PBXGroup;
			children = (
				ECC6D0DD29D6E200002CE30B /* RegisterVC.swift */,
				ECC6D0DE29D6E200002CE30B /* RegisterVC.xib */,
			);
			path = RegisterVC;
			sourceTree = "<group>";
		};
		ECC6D0E129D6E866002CE30B /* HomeTAB */ = {
			isa = PBXGroup;
			children = (
				ECF0F3AB29DAC8B1006CDA42 /* HomeVC */,
				ECF0F3AC29DAC8FC006CDA42 /* WeddingPackageVC */,
				ECF0F3B129DAD06D006CDA42 /* VenueDetailsVC */,
				EC8CE28829DBEB2600EF4632 /* SelectCityVC */,
				EC8CE28D29DBEF6600EF4632 /* AlbumsVC */,
				EC8CE29C29DBF7D300EF4632 /* CheckavailabiltyVC */,
				EC8CE29229DBF0EC00EF4632 /* DiningAreaVC */,
				ECDF896E29DC16B3008B6297 /* BookNowVC */,
				ECE5672229DC20CA0051A0B6 /* AddNewVC */,
				ECE5672729DC23F10051A0B6 /* SucessVC */,
				ECE5673629DC2B2C0051A0B6 /* SerchBookVC */,
				ECE5672C29DC25940051A0B6 /* NotifiactionVC */,
				ECE5674A29DC2EB20051A0B6 /* CustomerReviewVC */,
			);
			path = HomeTAB;
			sourceTree = "<group>";
		};
		ECC6D12A29D6E866002CE30B /* ProfileTAB */ = {
			isa = PBXGroup;
			children = (
				ECC6D20C29D6E92E002CE30B /* ProfileVC.swift */,
				ECC6D20D29D6E92E002CE30B /* ProfileVC.xib */,
			);
			path = ProfileTAB;
			sourceTree = "<group>";
		};
		ECC6D1FD29D6E8C5002CE30B /* VendorsTAB */ = {
			isa = PBXGroup;
			children = (
				ECC6D1FE29D6E8D9002CE30B /* VendorsVC.swift */,
				ECC6D1FF29D6E8D9002CE30B /* VendorsVC.xib */,
				ECE5674F29DC3B4B0051A0B6 /* VendoreTBVCell */,
				ECD349B529DC40CF0000C1A2 /* VenueVC */,
			);
			path = VendorsTAB;
			sourceTree = "<group>";
		};
		ECC6D20229D6E8DD002CE30B /* TaskTAB */ = {
			isa = PBXGroup;
			children = (
				ECC6D20329D6E8F1002CE30B /* TaskVC.swift */,
				ECC6D20429D6E8F1002CE30B /* TaskVC.xib */,
			);
			path = TaskTAB;
			sourceTree = "<group>";
		};
		ECC6D20729D6E8F6002CE30B /* MessageTAB */ = {
			isa = PBXGroup;
			children = (
				ECC6D20829D6E90F002CE30B /* MessageVC.swift */,
				ECC6D20929D6E90F002CE30B /* MessageVC.xib */,
				ECD349C029DC4A1F0000C1A2 /* MessageTBVCell */,
				EC12D61F29DC547100FEF5EB /* UserChatVC */,
			);
			path = MessageTAB;
			sourceTree = "<group>";
		};
		ECC6D21029D6EAD7002CE30B /* DashBoard */ = {
			isa = PBXGroup;
			children = (
				ECC6D0E129D6E866002CE30B /* HomeTAB */,
				ECC6D1FD29D6E8C5002CE30B /* VendorsTAB */,
				ECC6D20229D6E8DD002CE30B /* TaskTAB */,
				ECC6D20729D6E8F6002CE30B /* MessageTAB */,
				ECC6D12A29D6E866002CE30B /* ProfileTAB */,
			);
			path = DashBoard;
			sourceTree = "<group>";
		};
		ECC6D21129D6F83B002CE30B /* HomeFirstTBVCell */ = {
			isa = PBXGroup;
			children = (
				ECC6D21229D6F86B002CE30B /* HomeFirstTBVCell.swift */,
				ECC6D21329D6F86B002CE30B /* HomeFirstTBVCell.xib */,
			);
			path = HomeFirstTBVCell;
			sourceTree = "<group>";
		};
		ECC6D21C29D70185002CE30B /* CategoriesTBVCell */ = {
			isa = PBXGroup;
			children = (
				ECC6D21D29D7019D002CE30B /* CategoriesTBVCell.swift */,
				ECC6D21E29D7019D002CE30B /* CategoriesTBVCell.xib */,
				ECC6D23329D703DF002CE30B /* CategoriesCVCell */,
			);
			path = CategoriesTBVCell;
			sourceTree = "<group>";
		};
		ECC6D22529D701DB002CE30B /* FamousTBVCell */ = {
			isa = PBXGroup;
			children = (
				ECC6D22129D701D4002CE30B /* FamousTBVCell.swift */,
				ECC6D22229D701D4002CE30B /* FamousTBVCell.xib */,
				EC62A27F29D70723006048CE /* FamousCVCell */,
			);
			path = FamousTBVCell;
			sourceTree = "<group>";
		};
		ECC6D22629D70213002CE30B /* TrendingDecorTBVCell */ = {
			isa = PBXGroup;
			children = (
				ECC6D22729D70228002CE30B /* TrendingDecorTBVCell.swift */,
				ECC6D22829D70228002CE30B /* TrendingDecorTBVCell.xib */,
			);
			path = TrendingDecorTBVCell;
			sourceTree = "<group>";
		};
		ECC6D23329D703DF002CE30B /* CategoriesCVCell */ = {
			isa = PBXGroup;
			children = (
				ECC6D22F29D703D8002CE30B /* CategoriesCVCell.swift */,
				ECC6D23029D703D8002CE30B /* CategoriesCVCell.xib */,
			);
			path = CategoriesCVCell;
			sourceTree = "<group>";
		};
		ECD349B529DC40CF0000C1A2 /* VenueVC */ = {
			isa = PBXGroup;
			children = (
				ECD349B629DC40DB0000C1A2 /* VenueVC.swift */,
				ECD349B729DC40DB0000C1A2 /* VenueVC.xib */,
				ECD349BA29DC42310000C1A2 /* VenueTBVCell */,
			);
			path = VenueVC;
			sourceTree = "<group>";
		};
		ECD349BA29DC42310000C1A2 /* VenueTBVCell */ = {
			isa = PBXGroup;
			children = (
				ECD349BB29DC424D0000C1A2 /* VenueTBVCell.swift */,
				ECD349BC29DC424D0000C1A2 /* VenueTBVCell.xib */,
			);
			path = VenueTBVCell;
			sourceTree = "<group>";
		};
		ECD349C029DC4A1F0000C1A2 /* MessageTBVCell */ = {
			isa = PBXGroup;
			children = (
				EC12D60129DC4A6000FEF5EB /* MessageTBVCell.swift */,
				EC12D60229DC4A6000FEF5EB /* MessageTBVCell.xib */,
			);
			path = MessageTBVCell;
			sourceTree = "<group>";
		};
		ECDF896E29DC16B3008B6297 /* BookNowVC */ = {
			isa = PBXGroup;
			children = (
				ECDF896F29DC16C0008B6297 /* BookNowVC.swift */,
				ECDF897029DC16C0008B6297 /* BookNowVC.xib */,
			);
			path = BookNowVC;
			sourceTree = "<group>";
		};
		ECE5672229DC20CA0051A0B6 /* AddNewVC */ = {
			isa = PBXGroup;
			children = (
				ECE5672429DC20CA0051A0B6 /* AddNewVC.swift */,
				ECE5672329DC20CA0051A0B6 /* AddNewVC.xib */,
			);
			path = AddNewVC;
			sourceTree = "<group>";
		};
		ECE5672729DC23F10051A0B6 /* SucessVC */ = {
			isa = PBXGroup;
			children = (
				ECE5672829DC24040051A0B6 /* SucessVC.swift */,
				ECE5672929DC24040051A0B6 /* SucessVC.xib */,
			);
			path = SucessVC;
			sourceTree = "<group>";
		};
		ECE5672C29DC25940051A0B6 /* NotifiactionVC */ = {
			isa = PBXGroup;
			children = (
				ECE5673029DC25940051A0B6 /* NotifiactionVC.xib */,
				ECE5673129DC25940051A0B6 /* NotifiactionVC.swift */,
				ECE5672D29DC25940051A0B6 /* NotificationCell */,
			);
			path = NotifiactionVC;
			sourceTree = "<group>";
		};
		ECE5672D29DC25940051A0B6 /* NotificationCell */ = {
			isa = PBXGroup;
			children = (
				ECE5672E29DC25940051A0B6 /* NotificationCell.xib */,
				ECE5672F29DC25940051A0B6 /* NotificationCell.swift */,
			);
			path = NotificationCell;
			sourceTree = "<group>";
		};
		ECE5673629DC2B2C0051A0B6 /* SerchBookVC */ = {
			isa = PBXGroup;
			children = (
				ECE5673729DC2B2C0051A0B6 /* SerchBookVC.swift */,
				ECE5673829DC2B2C0051A0B6 /* SerchBookVC.xib */,
				ECE5673C29DC2B2C0051A0B6 /* RecentSerchCell */,
			);
			path = SerchBookVC;
			sourceTree = "<group>";
		};
		ECE5673C29DC2B2C0051A0B6 /* RecentSerchCell */ = {
			isa = PBXGroup;
			children = (
				ECE5673D29DC2B2C0051A0B6 /* RecentSerchCell.xib */,
				ECE5673E29DC2B2C0051A0B6 /* RecentSerchCell.swift */,
			);
			path = RecentSerchCell;
			sourceTree = "<group>";
		};
		ECE5674A29DC2EB20051A0B6 /* CustomerReviewVC */ = {
			isa = PBXGroup;
			children = (
				ECE5674B29DC2EE70051A0B6 /* CustomerReviewVC.swift */,
				ECE5674C29DC2EE70051A0B6 /* CustomerReviewVC.xib */,
			);
			path = CustomerReviewVC;
			sourceTree = "<group>";
		};
		ECE5674F29DC3B4B0051A0B6 /* VendoreTBVCell */ = {
			isa = PBXGroup;
			children = (
				ECE5675029DC3B680051A0B6 /* VendoreTBVCell.swift */,
				ECE5675129DC3B680051A0B6 /* VendoreTBVCell.xib */,
			);
			path = VendoreTBVCell;
			sourceTree = "<group>";
		};
		ECF0F3AB29DAC8B1006CDA42 /* HomeVC */ = {
			isa = PBXGroup;
			children = (
				ECC6D1F929D6E8B5002CE30B /* HomeVC.swift */,
				ECC6D1FA29D6E8B5002CE30B /* HomeVC.xib */,
				ECC6D21129D6F83B002CE30B /* HomeFirstTBVCell */,
				ECC6D21C29D70185002CE30B /* CategoriesTBVCell */,
				EC62A28429D70E08006048CE /* WeddingTBVCell */,
				ECC6D22529D701DB002CE30B /* FamousTBVCell */,
				ECC6D22629D70213002CE30B /* TrendingDecorTBVCell */,
			);
			path = HomeVC;
			sourceTree = "<group>";
		};
		ECF0F3AC29DAC8FC006CDA42 /* WeddingPackageVC */ = {
			isa = PBXGroup;
			children = (
				ECF0F3AD29DAC945006CDA42 /* WeddingPackageVC.swift */,
				ECF0F3AE29DAC945006CDA42 /* WeddingPackageVC.xib */,
			);
			path = WeddingPackageVC;
			sourceTree = "<group>";
		};
		ECF0F3B129DAD06D006CDA42 /* VenueDetailsVC */ = {
			isa = PBXGroup;
			children = (
				ECF0F3B229DAD081006CDA42 /* VenueDetailsVC.swift */,
				ECF0F3B329DAD081006CDA42 /* VenueDetailsVC.xib */,
				ECF0F3B629DAD195006CDA42 /* VenueDetailsFirstTBVCell */,
				ECF0F3BB29DAD1CB006CDA42 /* VenueDetailsSecondTBVCell */,
				ECF0F3C029DAD1EC006CDA42 /* VenueDetailsThirdTBVCell */,
				ECF0F3C529DAD209006CDA42 /* VenueDetailsFourthTBVCell */,
				ECF0F3CA29DAD22B006CDA42 /* VenueDetailsFiveTBVCell */,
				ECF0F3CF29DAD241006CDA42 /* VenueDetailsSixTBVCell */,
				ECF0F3D429DAD257006CDA42 /* VenueDetailsSevenTBVCell */,
			);
			path = VenueDetailsVC;
			sourceTree = "<group>";
		};
		ECF0F3B629DAD195006CDA42 /* VenueDetailsFirstTBVCell */ = {
			isa = PBXGroup;
			children = (
				ECF0F3B729DAD1B4006CDA42 /* VenueDetailsFirstTBVCell.swift */,
				ECF0F3B829DAD1B4006CDA42 /* VenueDetailsFirstTBVCell.xib */,
			);
			path = VenueDetailsFirstTBVCell;
			sourceTree = "<group>";
		};
		ECF0F3BB29DAD1CB006CDA42 /* VenueDetailsSecondTBVCell */ = {
			isa = PBXGroup;
			children = (
				ECF0F3BC29DAD1DF006CDA42 /* VenueDetailsSecondTBVCell.swift */,
				ECF0F3BD29DAD1DF006CDA42 /* VenueDetailsSecondTBVCell.xib */,
			);
			path = VenueDetailsSecondTBVCell;
			sourceTree = "<group>";
		};
		ECF0F3C029DAD1EC006CDA42 /* VenueDetailsThirdTBVCell */ = {
			isa = PBXGroup;
			children = (
				ECF0F3C129DAD1FF006CDA42 /* VenueDetailsThirdTBVCell.swift */,
				ECF0F3C229DAD1FF006CDA42 /* VenueDetailsThirdTBVCell.xib */,
			);
			path = VenueDetailsThirdTBVCell;
			sourceTree = "<group>";
		};
		ECF0F3C529DAD209006CDA42 /* VenueDetailsFourthTBVCell */ = {
			isa = PBXGroup;
			children = (
				ECF0F3C629DAD21A006CDA42 /* VenueDetailsFourthTBVCell.swift */,
				ECF0F3C729DAD21A006CDA42 /* VenueDetailsFourthTBVCell.xib */,
			);
			path = VenueDetailsFourthTBVCell;
			sourceTree = "<group>";
		};
		ECF0F3CA29DAD22B006CDA42 /* VenueDetailsFiveTBVCell */ = {
			isa = PBXGroup;
			children = (
				ECF0F3CB29DAD23A006CDA42 /* VenueDetailsFiveTBVCell.swift */,
				ECF0F3CC29DAD23A006CDA42 /* VenueDetailsFiveTBVCell.xib */,
			);
			path = VenueDetailsFiveTBVCell;
			sourceTree = "<group>";
		};
		ECF0F3CF29DAD241006CDA42 /* VenueDetailsSixTBVCell */ = {
			isa = PBXGroup;
			children = (
				ECF0F3D029DAD250006CDA42 /* VenueDetailsSixTBVCell.swift */,
				ECF0F3D129DAD250006CDA42 /* VenueDetailsSixTBVCell.xib */,
			);
			path = VenueDetailsSixTBVCell;
			sourceTree = "<group>";
		};
		ECF0F3D429DAD257006CDA42 /* VenueDetailsSevenTBVCell */ = {
			isa = PBXGroup;
			children = (
				ECF0F3D529DAD26C006CDA42 /* VenueDetailsSevenTBVCell.swift */,
				ECF0F3D629DAD26C006CDA42 /* VenueDetailsSevenTBVCell.xib */,
			);
			path = VenueDetailsSevenTBVCell;
			sourceTree = "<group>";
		};
/* End PBXGroup section */

/* Begin PBXNativeTarget section */
		EC786EEF29D6B0E3005F5FD4 /* WeddingBells */ = {
			isa = PBXNativeTarget;
			buildConfigurationList = EC786F0429D6B0E5005F5FD4 /* Build configuration list for PBXNativeTarget "WeddingBells" */;
			buildPhases = (
				9EE10777455BBD2D2C3B3287 /* [CP] Check Pods Manifest.lock */,
				EC786EEC29D6B0E3005F5FD4 /* Sources */,
				EC786EED29D6B0E3005F5FD4 /* Frameworks */,
				EC786EEE29D6B0E3005F5FD4 /* Resources */,
				62BD8A91386714A50A3DA724 /* [CP] Embed Pods Frameworks */,
			);
			buildRules = (
			);
			dependencies = (
			);
			name = WeddingBells;
			productName = WeddingBells;
			productReference = EC786EF029D6B0E3005F5FD4 /* WeddingBells.app */;
			productType = "com.apple.product-type.application";
		};
/* End PBXNativeTarget section */

/* Begin PBXProject section */
		EC786EE829D6B0E3005F5FD4 /* Project object */ = {
			isa = PBXProject;
			attributes = {
				BuildIndependentTargetsInParallel = 1;
				LastSwiftUpdateCheck = 1420;
				LastUpgradeCheck = 1420;
				TargetAttributes = {
					EC786EEF29D6B0E3005F5FD4 = {
						CreatedOnToolsVersion = 14.2;
					};
				};
			};
			buildConfigurationList = EC786EEB29D6B0E3005F5FD4 /* Build configuration list for PBXProject "WeddingBells" */;
			compatibilityVersion = "Xcode 14.0";
			developmentRegion = en;
			hasScannedForEncodings = 0;
			knownRegions = (
				en,
				Base,
				hi,
				ar,
				"zh-Hant",
				id,
			);
			mainGroup = EC786EE729D6B0E3005F5FD4;
			productRefGroup = EC786EF129D6B0E3005F5FD4 /* Products */;
			projectDirPath = "";
			projectRoot = "";
			targets = (
				EC786EEF29D6B0E3005F5FD4 /* WeddingBells */,
			);
		};
/* End PBXProject section */

/* Begin PBXResourcesBuildPhase section */
		EC786EEE29D6B0E3005F5FD4 /* Resources */ = {
			isa = PBXResourcesBuildPhase;
			buildActionMask = 2147483647;
			files = (
				ECF0F3D829DAD26C006CDA42 /* VenueDetailsSevenTBVCell.xib in Resources */,
				ECDF897229DC16C0008B6297 /* BookNowVC.xib in Resources */,
				EC8CE2A029DBF8A100EF4632 /* CheckavailabiltyVC.xib in Resources */,
				EC786F5F29D6BD71005F5FD4 /* Montserrat-Bold.ttf in Resources */,
				ECE5673229DC25940051A0B6 /* NotificationCell.xib in Resources */,
				ECC6D0E029D6E200002CE30B /* RegisterVC.xib in Resources */,
				ECC6D23229D703D8002CE30B /* CategoriesCVCell.xib in Resources */,
				EC786F3E29D6BB11005F5FD4 /* NavigationBar.xib in Resources */,
				EC786F5529D6BD47005F5FD4 /* Philosopher-BoldItalic.ttf in Resources */,
				ECC6D20629D6E8F1002CE30B /* TaskVC.xib in Resources */,
				EC786F5C29D6BD71005F5FD4 /* Montserrat-Regular.ttf in Resources */,
				EC62A28329D70737006048CE /* FamousCVCell.xib in Resources */,
				ECF0F3D329DAD250006CDA42 /* VenueDetailsSixTBVCell.xib in Resources */,
				EC786F3929D6BB11005F5FD4 /* CustomTabCell.xib in Resources */,
				ECF0F3C929DAD21A006CDA42 /* VenueDetailsFourthTBVCell.xib in Resources */,
				ECC6D22029D7019D002CE30B /* CategoriesTBVCell.xib in Resources */,
				ECE5672529DC20CA0051A0B6 /* AddNewVC.xib in Resources */,
				EC786F3C29D6BB11005F5FD4 /* CommonTbvHeaderView.xib in Resources */,
				EC12D62329DC549100FEF5EB /* UserChatVC.xib in Resources */,
				EC786F3A29D6BB11005F5FD4 /* TabBarVC.xib in Resources */,
				ECC6D20F29D6E92E002CE30B /* ProfileVC.xib in Resources */,
				EC47F23629D6D253006AB45B /* Localizable.strings in Resources */,
				ECC6D0D029D6DD84002CE30B /* OtpVerificationVC.xib in Resources */,
				ECF0F3BF29DAD1DF006CDA42 /* VenueDetailsSecondTBVCell.xib in Resources */,
				EC786F0029D6B0E5005F5FD4 /* LaunchScreen.storyboard in Resources */,
				ECF0F3BA29DAD1B4006CDA42 /* VenueDetailsFirstTBVCell.xib in Resources */,
				ECF0F3B029DAC945006CDA42 /* WeddingPackageVC.xib in Resources */,
				ECD349B929DC40DB0000C1A2 /* VenueVC.xib in Resources */,
				ECE5675329DC3B680051A0B6 /* VendoreTBVCell.xib in Resources */,
				ECE5674E29DC2EE70051A0B6 /* CustomerReviewVC.xib in Resources */,
				ECE5672B29DC24040051A0B6 /* SucessVC.xib in Resources */,
				EC8CE29629DBF10C00EF4632 /* DiningAreaVC.xib in Resources */,
				EC786F3529D6BB11005F5FD4 /* CommonTbvFooterView.xib in Resources */,
				EC3AEA9F29DBE8A200C38C32 /* SelectLanguageCell.xib in Resources */,
				EC786F0B29D6B8BE005F5FD4 /* IntroVC.xib in Resources */,
				EC786F4329D6BB11005F5FD4 /* CommonCVFooterView.xib in Resources */,
				EC8CE29129DBEF9100EF4632 /* AlbumsVC.xib in Resources */,
				ECC6D21529D6F86B002CE30B /* HomeFirstTBVCell.xib in Resources */,
				EC12D62D29DC569D00FEF5EB /* SenderMessageTBVCell.xib in Resources */,
				ECC6D20B29D6E90F002CE30B /* MessageVC.xib in Resources */,
				EC62A28829D70E24006048CE /* WeddingTBVCell.xib in Resources */,
				EC786F4229D6BB11005F5FD4 /* CommonCVHeaderView.xib in Resources */,
				EC786F4029D6BB11005F5FD4 /* TabNavigationBar.xib in Resources */,
				EC786F4529D6BB11005F5FD4 /* HeaderTitleOfTableview.xib in Resources */,
				EC12D62829DC550F00FEF5EB /* ReciverMessageTBVCell.xib in Resources */,
				ECF0F3CE29DAD23A006CDA42 /* VenueDetailsFiveTBVCell.xib in Resources */,
				EC8CE29B29DBF1BF00EF4632 /* DiningCVCell.xib in Resources */,
				EC786F6129D6C230005F5FD4 /* NunitoSans-Bold.ttf in Resources */,
				EC8CE28C29DBEB3500EF4632 /* SelectCityVC.xib in Resources */,
				ECC6D20129D6E8D9002CE30B /* VendorsVC.xib in Resources */,
				EC8CE2A529DC067D00EF4632 /* FunctionTypeVC.xib in Resources */,
				ECF0F3C429DAD1FF006CDA42 /* VenueDetailsThirdTBVCell.xib in Resources */,
				ECE5673429DC25940051A0B6 /* NotifiactionVC.xib in Resources */,
				ECC6D0D629D6DD84002CE30B /* LoginVC.xib in Resources */,
				ECF0F3B529DAD081006CDA42 /* VenueDetailsVC.xib in Resources */,
				EC12D60429DC4A6000FEF5EB /* MessageTBVCell.xib in Resources */,
				ECE5674629DC2B2C0051A0B6 /* RecentSerchCell.xib in Resources */,
				ECC6D22429D701D4002CE30B /* FamousTBVCell.xib in Resources */,
				ECC6D22A29D70228002CE30B /* TrendingDecorTBVCell.xib in Resources */,
				EC786EFD29D6B0E5005F5FD4 /* Assets.xcassets in Resources */,
				EC786F5B29D6BD71005F5FD4 /* Montserrat-SemiBold.ttf in Resources */,
				ECD349BE29DC424D0000C1A2 /* VenueTBVCell.xib in Resources */,
				EC786F5D29D6BD71005F5FD4 /* Montserrat-Medium.ttf in Resources */,
				EC786F5E29D6BD71005F5FD4 /* Montserrat-ExtraBold.ttf in Resources */,
				ECE5674329DC2B2C0051A0B6 /* SerchBookVC.xib in Resources */,
				ECC6D1FC29D6E8B5002CE30B /* HomeVC.xib in Resources */,
				EC786EFB29D6B0E3005F5FD4 /* Main.storyboard in Resources */,
			);
			runOnlyForDeploymentPostprocessing = 0;
		};
/* End PBXResourcesBuildPhase section */

/* Begin PBXShellScriptBuildPhase section */
		62BD8A91386714A50A3DA724 /* [CP] Embed Pods Frameworks */ = {
			isa = PBXShellScriptBuildPhase;
			buildActionMask = 2147483647;
			files = (
			);
			inputFileListPaths = (
				"${PODS_ROOT}/Target Support Files/Pods-WeddingBells/Pods-WeddingBells-frameworks-${CONFIGURATION}-input-files.xcfilelist",
			);
			name = "[CP] Embed Pods Frameworks";
			outputFileListPaths = (
				"${PODS_ROOT}/Target Support Files/Pods-WeddingBells/Pods-WeddingBells-frameworks-${CONFIGURATION}-output-files.xcfilelist",
			);
			runOnlyForDeploymentPostprocessing = 0;
			shellPath = /bin/sh;
			shellScript = "\"${PODS_ROOT}/Target Support Files/Pods-WeddingBells/Pods-WeddingBells-frameworks.sh\"\n";
			showEnvVarsInLog = 0;
		};
		9EE10777455BBD2D2C3B3287 /* [CP] Check Pods Manifest.lock */ = {
			isa = PBXShellScriptBuildPhase;
			buildActionMask = 2147483647;
			files = (
			);
			inputFileListPaths = (
			);
			inputPaths = (
				"${PODS_PODFILE_DIR_PATH}/Podfile.lock",
				"${PODS_ROOT}/Manifest.lock",
			);
			name = "[CP] Check Pods Manifest.lock";
			outputFileListPaths = (
			);
			outputPaths = (
				"$(DERIVED_FILE_DIR)/Pods-WeddingBells-checkManifestLockResult.txt",
			);
			runOnlyForDeploymentPostprocessing = 0;
			shellPath = /bin/sh;
			shellScript = "diff \"${PODS_PODFILE_DIR_PATH}/Podfile.lock\" \"${PODS_ROOT}/Manifest.lock\" > /dev/null\nif [ $? != 0 ] ; then\n    # print error to STDERR\n    echo \"error: The sandbox is not in sync with the Podfile.lock. Run 'pod install' or update your CocoaPods installation.\" >&2\n    exit 1\nfi\n# This output is used by Xcode 'outputs' to avoid re-running this script phase.\necho \"SUCCESS\" > \"${SCRIPT_OUTPUT_FILE_0}\"\n";
			showEnvVarsInLog = 0;
		};
/* End PBXShellScriptBuildPhase section */

/* Begin PBXSourcesBuildPhase section */
		EC786EEC29D6B0E3005F5FD4 /* Sources */ = {
			isa = PBXSourcesBuildPhase;
			buildActionMask = 2147483647;
			files = (
				EC62A28229D70737006048CE /* FamousCVCell.swift in Sources */,
				EC12D62729DC550F00FEF5EB /* ReciverMessageTBVCell.swift in Sources */,
				ECC6D20A29D6E90F002CE30B /* MessageVC.swift in Sources */,
				EC786F4829D6BB11005F5FD4 /* Model.swift in Sources */,
				ECC6D1FB29D6E8B5002CE30B /* HomeVC.swift in Sources */,
				ECC6D22329D701D4002CE30B /* FamousTBVCell.swift in Sources */,
				EC8CE29F29DBF8A100EF4632 /* CheckavailabiltyVC.swift in Sources */,
				ECF0F3C329DAD1FF006CDA42 /* VenueDetailsThirdTBVCell.swift in Sources */,
				EC8CE29529DBF10C00EF4632 /* DiningAreaVC.swift in Sources */,
				EC8CE29029DBEF9100EF4632 /* AlbumsVC.swift in Sources */,
				ECDF897129DC16C0008B6297 /* BookNowVC.swift in Sources */,
				EC62A28729D70E24006048CE /* WeddingTBVCell.swift in Sources */,
				ECE5672629DC20CA0051A0B6 /* AddNewVC.swift in Sources */,
				ECF0F3CD29DAD23A006CDA42 /* VenueDetailsFiveTBVCell.swift in Sources */,
				ECF0F3B929DAD1B4006CDA42 /* VenueDetailsFirstTBVCell.swift in Sources */,
				ECC6D0CF29D6DD84002CE30B /* OtpVerificationVC.swift in Sources */,
				ECF0F3B429DAD081006CDA42 /* VenueDetailsVC.swift in Sources */,
				EC786F3629D6BB11005F5FD4 /* CommonTbvFooterView.swift in Sources */,
				ECE5672A29DC24040051A0B6 /* SucessVC.swift in Sources */,
				EC786F3F29D6BB11005F5FD4 /* TabNavigationBar.swift in Sources */,
				EC12D62229DC549100FEF5EB /* UserChatVC.swift in Sources */,
				EC786EF829D6B0E3005F5FD4 /* ViewController.swift in Sources */,
				EC12D62C29DC569D00FEF5EB /* SenderMessageTBVCell.swift in Sources */,
				EC786F4429D6BB11005F5FD4 /* CommonCVFooterView.swift in Sources */,
				ECD349BD29DC424D0000C1A2 /* VenueTBVCell.swift in Sources */,
				EC8CE28B29DBEB3500EF4632 /* SelectCityVC.swift in Sources */,
				ECC6D22929D70228002CE30B /* TrendingDecorTBVCell.swift in Sources */,
				ECC6D20E29D6E92E002CE30B /* ProfileVC.swift in Sources */,
				ECC6D0DF29D6E200002CE30B /* RegisterVC.swift in Sources */,
				EC8CE29A29DBF1BF00EF4632 /* DiningCVCell.swift in Sources */,
				ECC6D20029D6E8D9002CE30B /* VendorsVC.swift in Sources */,
				EC786F0A29D6B8BE005F5FD4 /* IntroVC.swift in Sources */,
				ECF0F3BE29DAD1DF006CDA42 /* VenueDetailsSecondTBVCell.swift in Sources */,
				EC786F3829D6BB11005F5FD4 /* CustomTabCell.swift in Sources */,
				ECF0F3D229DAD250006CDA42 /* VenueDetailsSixTBVCell.swift in Sources */,
				EC12D60329DC4A6000FEF5EB /* MessageTBVCell.swift in Sources */,
				EC786F4A29D6BB11005F5FD4 /* BasicStuff.swift in Sources */,
				EC786EF429D6B0E3005F5FD4 /* AppDelegate.swift in Sources */,
				ECE5674229DC2B2C0051A0B6 /* SerchBookVC.swift in Sources */,
				ECF0F3D729DAD26C006CDA42 /* VenueDetailsSevenTBVCell.swift in Sources */,
				ECE5675229DC3B680051A0B6 /* VendoreTBVCell.swift in Sources */,
				ECE5673529DC25940051A0B6 /* NotifiactionVC.swift in Sources */,
				ECC6D20529D6E8F1002CE30B /* TaskVC.swift in Sources */,
				ECE5674729DC2B2C0051A0B6 /* RecentSerchCell.swift in Sources */,
				EC786F4129D6BB11005F5FD4 /* CommonCVHeaderView.swift in Sources */,
				EC786F4729D6BB11005F5FD4 /* CollectionView+Extension.swift in Sources */,
				EC786F4B29D6BB11005F5FD4 /* UITableView+Extension.swift in Sources */,
				EC7E10EF29D7EC7700DEC3A8 /* Data.swift in Sources */,
				ECC6D23129D703D8002CE30B /* CategoriesCVCell.swift in Sources */,
				EC786F4629D6BB11005F5FD4 /* HeaderTitleOfTableview.swift in Sources */,
				EC786F3D29D6BB11005F5FD4 /* NavigationBar.swift in Sources */,
				ECF0F3AF29DAC945006CDA42 /* WeddingPackageVC.swift in Sources */,
				EC8CE2A429DC067D00EF4632 /* FunctionTypeVC.swift in Sources */,
				ECC6D21F29D7019D002CE30B /* CategoriesTBVCell.swift in Sources */,
				EC786F4929D6BB11005F5FD4 /* Localize.swift in Sources */,
				ECC6D22E29D70383002CE30B /* CollectionViewDatasource.swift in Sources */,
				EC786F3B29D6BB11005F5FD4 /* CommonTbvHeaderView.swift in Sources */,
				ECD349B829DC40DB0000C1A2 /* VenueVC.swift in Sources */,
				ECE5673329DC25940051A0B6 /* NotificationCell.swift in Sources */,
				EC786F3729D6BB11005F5FD4 /* TabBarVC.swift in Sources */,
				EC786EF629D6B0E3005F5FD4 /* SceneDelegate.swift in Sources */,
				ECE5674D29DC2EE70051A0B6 /* CustomerReviewVC.swift in Sources */,
				ECF0F3C829DAD21A006CDA42 /* VenueDetailsFourthTBVCell.swift in Sources */,
				ECC6D21429D6F86B002CE30B /* HomeFirstTBVCell.swift in Sources */,
				ECC6D21B29D6FF64002CE30B /* TableviewDatasource.swift in Sources */,
				ECC6D0D529D6DD84002CE30B /* LoginVC.swift in Sources */,
				EC3AEAA029DBE8A200C38C32 /* SelectLanguageCell.swift in Sources */,
			);
			runOnlyForDeploymentPostprocessing = 0;
		};
/* End PBXSourcesBuildPhase section */

/* Begin PBXVariantGroup section */
		EC47F23829D6D253006AB45B /* Localizable.strings */ = {
			isa = PBXVariantGroup;
			children = (
				EC47F23729D6D253006AB45B /* en */,
				EC47F23929D6D258006AB45B /* ar */,
				EC47F23A29D6D25B006AB45B /* zh-Hant */,
				EC47F23B29D6D25C006AB45B /* hi */,
				EC47F23C29D6D25D006AB45B /* id */,
			);
			name = Localizable.strings;
			sourceTree = "<group>";
		};
		EC786EF929D6B0E3005F5FD4 /* Main.storyboard */ = {
			isa = PBXVariantGroup;
			children = (
				EC786EFA29D6B0E3005F5FD4 /* Base */,
			);
			name = Main.storyboard;
			sourceTree = "<group>";
		};
		EC786EFE29D6B0E5005F5FD4 /* LaunchScreen.storyboard */ = {
			isa = PBXVariantGroup;
			children = (
				EC786EFF29D6B0E5005F5FD4 /* Base */,
			);
			name = LaunchScreen.storyboard;
			sourceTree = "<group>";
		};
/* End PBXVariantGroup section */

/* Begin XCBuildConfiguration section */
		EC786F0229D6B0E5005F5FD4 /* Debug */ = {
			isa = XCBuildConfiguration;
			buildSettings = {
				ALWAYS_SEARCH_USER_PATHS = NO;
				CLANG_ANALYZER_LOCALIZABILITY_NONLOCALIZED = YES;
				CLANG_ANALYZER_NONNULL = YES;
				CLANG_ANALYZER_NUMBER_OBJECT_CONVERSION = YES_AGGRESSIVE;
				CLANG_CXX_LANGUAGE_STANDARD = "gnu++20";
				CLANG_ENABLE_MODULES = YES;
				CLANG_ENABLE_OBJC_ARC = YES;
				CLANG_ENABLE_OBJC_WEAK = YES;
				CLANG_WARN_BLOCK_CAPTURE_AUTORELEASING = YES;
				CLANG_WARN_BOOL_CONVERSION = YES;
				CLANG_WARN_COMMA = YES;
				CLANG_WARN_CONSTANT_CONVERSION = YES;
				CLANG_WARN_DEPRECATED_OBJC_IMPLEMENTATIONS = YES;
				CLANG_WARN_DIRECT_OBJC_ISA_USAGE = YES_ERROR;
				CLANG_WARN_DOCUMENTATION_COMMENTS = YES;
				CLANG_WARN_EMPTY_BODY = YES;
				CLANG_WARN_ENUM_CONVERSION = YES;
				CLANG_WARN_INFINITE_RECURSION = YES;
				CLANG_WARN_INT_CONVERSION = YES;
				CLANG_WARN_NON_LITERAL_NULL_CONVERSION = YES;
				CLANG_WARN_OBJC_IMPLICIT_RETAIN_SELF = YES;
				CLANG_WARN_OBJC_LITERAL_CONVERSION = YES;
				CLANG_WARN_OBJC_ROOT_CLASS = YES_ERROR;
				CLANG_WARN_QUOTED_INCLUDE_IN_FRAMEWORK_HEADER = YES;
				CLANG_WARN_RANGE_LOOP_ANALYSIS = YES;
				CLANG_WARN_STRICT_PROTOTYPES = YES;
				CLANG_WARN_SUSPICIOUS_MOVE = YES;
				CLANG_WARN_UNGUARDED_AVAILABILITY = YES_AGGRESSIVE;
				CLANG_WARN_UNREACHABLE_CODE = YES;
				CLANG_WARN__DUPLICATE_METHOD_MATCH = YES;
				COPY_PHASE_STRIP = NO;
				DEBUG_INFORMATION_FORMAT = dwarf;
				ENABLE_STRICT_OBJC_MSGSEND = YES;
				ENABLE_TESTABILITY = YES;
				GCC_C_LANGUAGE_STANDARD = gnu11;
				GCC_DYNAMIC_NO_PIC = NO;
				GCC_NO_COMMON_BLOCKS = YES;
				GCC_OPTIMIZATION_LEVEL = 0;
				GCC_PREPROCESSOR_DEFINITIONS = (
					"DEBUG=1",
					"$(inherited)",
				);
				GCC_WARN_64_TO_32_BIT_CONVERSION = YES;
				GCC_WARN_ABOUT_RETURN_TYPE = YES_ERROR;
				GCC_WARN_UNDECLARED_SELECTOR = YES;
				GCC_WARN_UNINITIALIZED_AUTOS = YES_AGGRESSIVE;
				GCC_WARN_UNUSED_FUNCTION = YES;
				GCC_WARN_UNUSED_VARIABLE = YES;
				IPHONEOS_DEPLOYMENT_TARGET = 16.2;
				MTL_ENABLE_DEBUG_INFO = INCLUDE_SOURCE;
				MTL_FAST_MATH = YES;
				ONLY_ACTIVE_ARCH = YES;
				SDKROOT = iphoneos;
				SWIFT_ACTIVE_COMPILATION_CONDITIONS = DEBUG;
				SWIFT_OPTIMIZATION_LEVEL = "-Onone";
			};
			name = Debug;
		};
		EC786F0329D6B0E5005F5FD4 /* Release */ = {
			isa = XCBuildConfiguration;
			buildSettings = {
				ALWAYS_SEARCH_USER_PATHS = NO;
				CLANG_ANALYZER_LOCALIZABILITY_NONLOCALIZED = YES;
				CLANG_ANALYZER_NONNULL = YES;
				CLANG_ANALYZER_NUMBER_OBJECT_CONVERSION = YES_AGGRESSIVE;
				CLANG_CXX_LANGUAGE_STANDARD = "gnu++20";
				CLANG_ENABLE_MODULES = YES;
				CLANG_ENABLE_OBJC_ARC = YES;
				CLANG_ENABLE_OBJC_WEAK = YES;
				CLANG_WARN_BLOCK_CAPTURE_AUTORELEASING = YES;
				CLANG_WARN_BOOL_CONVERSION = YES;
				CLANG_WARN_COMMA = YES;
				CLANG_WARN_CONSTANT_CONVERSION = YES;
				CLANG_WARN_DEPRECATED_OBJC_IMPLEMENTATIONS = YES;
				CLANG_WARN_DIRECT_OBJC_ISA_USAGE = YES_ERROR;
				CLANG_WARN_DOCUMENTATION_COMMENTS = YES;
				CLANG_WARN_EMPTY_BODY = YES;
				CLANG_WARN_ENUM_CONVERSION = YES;
				CLANG_WARN_INFINITE_RECURSION = YES;
				CLANG_WARN_INT_CONVERSION = YES;
				CLANG_WARN_NON_LITERAL_NULL_CONVERSION = YES;
				CLANG_WARN_OBJC_IMPLICIT_RETAIN_SELF = YES;
				CLANG_WARN_OBJC_LITERAL_CONVERSION = YES;
				CLANG_WARN_OBJC_ROOT_CLASS = YES_ERROR;
				CLANG_WARN_QUOTED_INCLUDE_IN_FRAMEWORK_HEADER = YES;
				CLANG_WARN_RANGE_LOOP_ANALYSIS = YES;
				CLANG_WARN_STRICT_PROTOTYPES = YES;
				CLANG_WARN_SUSPICIOUS_MOVE = YES;
				CLANG_WARN_UNGUARDED_AVAILABILITY = YES_AGGRESSIVE;
				CLANG_WARN_UNREACHABLE_CODE = YES;
				CLANG_WARN__DUPLICATE_METHOD_MATCH = YES;
				COPY_PHASE_STRIP = NO;
				DEBUG_INFORMATION_FORMAT = "dwarf-with-dsym";
				ENABLE_NS_ASSERTIONS = NO;
				ENABLE_STRICT_OBJC_MSGSEND = YES;
				GCC_C_LANGUAGE_STANDARD = gnu11;
				GCC_NO_COMMON_BLOCKS = YES;
				GCC_WARN_64_TO_32_BIT_CONVERSION = YES;
				GCC_WARN_ABOUT_RETURN_TYPE = YES_ERROR;
				GCC_WARN_UNDECLARED_SELECTOR = YES;
				GCC_WARN_UNINITIALIZED_AUTOS = YES_AGGRESSIVE;
				GCC_WARN_UNUSED_FUNCTION = YES;
				GCC_WARN_UNUSED_VARIABLE = YES;
				IPHONEOS_DEPLOYMENT_TARGET = 16.2;
				MTL_ENABLE_DEBUG_INFO = NO;
				MTL_FAST_MATH = YES;
				SDKROOT = iphoneos;
				SWIFT_COMPILATION_MODE = wholemodule;
				SWIFT_OPTIMIZATION_LEVEL = "-O";
				VALIDATE_PRODUCT = YES;
			};
			name = Release;
		};
		EC786F0529D6B0E5005F5FD4 /* Debug */ = {
			isa = XCBuildConfiguration;
			baseConfigurationReference = 2378FF528CD6710A840D03EE /* Pods-WeddingBells.debug.xcconfig */;
			buildSettings = {
				ASSETCATALOG_COMPILER_APPICON_NAME = AppIcon;
				ASSETCATALOG_COMPILER_GLOBAL_ACCENT_COLOR_NAME = AccentColor;
				CODE_SIGN_STYLE = Automatic;
				CURRENT_PROJECT_VERSION = 1;
				DEVELOPMENT_TEAM = KC28TW5938;
				GENERATE_INFOPLIST_FILE = YES;
				INFOPLIST_FILE = WeddingBells/Info.plist;
				INFOPLIST_KEY_UIApplicationSupportsIndirectInputEvents = YES;
				INFOPLIST_KEY_UILaunchStoryboardName = LaunchScreen;
				INFOPLIST_KEY_UIMainStoryboardFile = Main;
				INFOPLIST_KEY_UISupportedInterfaceOrientations_iPad = "UIInterfaceOrientationPortrait UIInterfaceOrientationPortraitUpsideDown UIInterfaceOrientationLandscapeLeft UIInterfaceOrientationLandscapeRight";
				INFOPLIST_KEY_UISupportedInterfaceOrientations_iPhone = "UIInterfaceOrientationPortrait UIInterfaceOrientationLandscapeLeft UIInterfaceOrientationLandscapeRight";
				IPHONEOS_DEPLOYMENT_TARGET = 15.1;
				LD_RUNPATH_SEARCH_PATHS = (
					"$(inherited)",
					"@executable_path/Frameworks",
				);
				MARKETING_VERSION = 1.0;
				PRODUCT_BUNDLE_IDENTIFIER = com.si.karton;
				PRODUCT_NAME = "$(TARGET_NAME)";
				SWIFT_EMIT_LOC_STRINGS = YES;
				SWIFT_VERSION = 5.0;
				TARGETED_DEVICE_FAMILY = "1,2";
			};
			name = Debug;
		};
		EC786F0629D6B0E5005F5FD4 /* Release */ = {
			isa = XCBuildConfiguration;
			baseConfigurationReference = 5DCA5B0089F6FAA8C32213B9 /* Pods-WeddingBells.release.xcconfig */;
			buildSettings = {
				ASSETCATALOG_COMPILER_APPICON_NAME = AppIcon;
				ASSETCATALOG_COMPILER_GLOBAL_ACCENT_COLOR_NAME = AccentColor;
				CODE_SIGN_STYLE = Automatic;
				CURRENT_PROJECT_VERSION = 1;
				DEVELOPMENT_TEAM = KC28TW5938;
				GENERATE_INFOPLIST_FILE = YES;
				INFOPLIST_FILE = WeddingBells/Info.plist;
				INFOPLIST_KEY_UIApplicationSupportsIndirectInputEvents = YES;
				INFOPLIST_KEY_UILaunchStoryboardName = LaunchScreen;
				INFOPLIST_KEY_UIMainStoryboardFile = Main;
				INFOPLIST_KEY_UISupportedInterfaceOrientations_iPad = "UIInterfaceOrientationPortrait UIInterfaceOrientationPortraitUpsideDown UIInterfaceOrientationLandscapeLeft UIInterfaceOrientationLandscapeRight";
				INFOPLIST_KEY_UISupportedInterfaceOrientations_iPhone = "UIInterfaceOrientationPortrait UIInterfaceOrientationLandscapeLeft UIInterfaceOrientationLandscapeRight";
				IPHONEOS_DEPLOYMENT_TARGET = 15.1;
				LD_RUNPATH_SEARCH_PATHS = (
					"$(inherited)",
					"@executable_path/Frameworks",
				);
				MARKETING_VERSION = 1.0;
				PRODUCT_BUNDLE_IDENTIFIER = com.si.karton;
				PRODUCT_NAME = "$(TARGET_NAME)";
				SWIFT_EMIT_LOC_STRINGS = YES;
				SWIFT_VERSION = 5.0;
				TARGETED_DEVICE_FAMILY = "1,2";
			};
			name = Release;
		};
/* End XCBuildConfiguration section */

/* Begin XCConfigurationList section */
		EC786EEB29D6B0E3005F5FD4 /* Build configuration list for PBXProject "WeddingBells" */ = {
			isa = XCConfigurationList;
			buildConfigurations = (
				EC786F0229D6B0E5005F5FD4 /* Debug */,
				EC786F0329D6B0E5005F5FD4 /* Release */,
			);
			defaultConfigurationIsVisible = 0;
			defaultConfigurationName = Release;
		};
		EC786F0429D6B0E5005F5FD4 /* Build configuration list for PBXNativeTarget "WeddingBells" */ = {
			isa = XCConfigurationList;
			buildConfigurations = (
				EC786F0529D6B0E5005F5FD4 /* Debug */,
				EC786F0629D6B0E5005F5FD4 /* Release */,
			);
			defaultConfigurationIsVisible = 0;
			defaultConfigurationName = Release;
		};
/* End XCConfigurationList section */
	};
	rootObject = EC786EE829D6B0E3005F5FD4 /* Project object */;
}
